// !$*UTF8*$!
{
	archiveVersion = 1;
	classes = {
	};
	objectVersion = 56;
	objects = {

/* Begin PBXBuildFile section */
		1290AA5B7A3C8ABAAB992B40 /* Pods_CustomMomentTests.framework in Frameworks */ = {isa = PBXBuildFile; fileRef = B5EA5C4F534C5BB1A7A5F5D1 /* Pods_CustomMomentTests.framework */; };
		1420610BC3165F36D356AF7A /* Pods_CustomMoment_CustomMomentUITests.framework in Frameworks */ = {isa = PBXBuildFile; fileRef = 8EE6212CE56B56E1F8960AEA /* Pods_CustomMoment_CustomMomentUITests.framework */; };
		783F397129E862D100D8424D /* APIClient.swift in Sources */ = {isa = PBXBuildFile; fileRef = 783F397029E862D100D8424D /* APIClient.swift */; };
		783F397329E8634100D8424D /* AuthModel.swift in Sources */ = {isa = PBXBuildFile; fileRef = 783F397229E8634100D8424D /* AuthModel.swift */; };
		7858F8D929CA0EC200E20C92 /* SubCakeCollectionViewCell.swift in Sources */ = {isa = PBXBuildFile; fileRef = 7858F8D829CA0EC200E20C92 /* SubCakeCollectionViewCell.swift */; };
		785C487C29D4AF6D00F52CFD /* CakeHeaderView.swift in Sources */ = {isa = PBXBuildFile; fileRef = 785C487B29D4AF6D00F52CFD /* CakeHeaderView.swift */; };
		785C487E29D5F06300F52CFD /* CalendarPopUpViewController.swift in Sources */ = {isa = PBXBuildFile; fileRef = 785C487D29D5F06300F52CFD /* CalendarPopUpViewController.swift */; };
		785CC9B129C43DEF0034BD30 /* MyHeaderView.swift in Sources */ = {isa = PBXBuildFile; fileRef = 785CC9B029C43DEF0034BD30 /* MyHeaderView.swift */; };
		7862AB3C29C81BFC00E501C9 /* MainCakeViewController.swift in Sources */ = {isa = PBXBuildFile; fileRef = 7862AB3B29C81BFC00E501C9 /* MainCakeViewController.swift */; };
		7862AB3F29C824D400E501C9 /* UIViewExtension.swift in Sources */ = {isa = PBXBuildFile; fileRef = 7862AB3E29C824D400E501C9 /* UIViewExtension.swift */; };
		7862AB4129C8262800E501C9 /* MainCakeCollectionViewCell.swift in Sources */ = {isa = PBXBuildFile; fileRef = 7862AB4029C8262800E501C9 /* MainCakeCollectionViewCell.swift */; };
		786509B829C193A000B7C7F3 /* BannerCollectionViewCell.swift in Sources */ = {isa = PBXBuildFile; fileRef = 786509B729C193A000B7C7F3 /* BannerCollectionViewCell.swift */; };
		789ADAB929F1530D00D62292 /* CalendarModel.swift in Sources */ = {isa = PBXBuildFile; fileRef = 789ADAB829F1530D00D62292 /* CalendarModel.swift */; };
		78C3C23E29ED13ED00405986 /* MainCakeModel.swift in Sources */ = {isa = PBXBuildFile; fileRef = 78C3C23D29ED13ED00405986 /* MainCakeModel.swift */; };
		78C3C24029ED47DD00405986 /* MainStoreModel.swift in Sources */ = {isa = PBXBuildFile; fileRef = 78C3C23F29ED47DD00405986 /* MainStoreModel.swift */; };
		78C3C24229ED84CE00405986 /* MainCakeInfoModel.swift in Sources */ = {isa = PBXBuildFile; fileRef = 78C3C24129ED84CE00405986 /* MainCakeInfoModel.swift */; };
		78C3C24429EFB59C00405986 /* CakeOptionModel.swift in Sources */ = {isa = PBXBuildFile; fileRef = 78C3C24329EFB59C00405986 /* CakeOptionModel.swift */; };
		78DFB05529D70F22002DC963 /* StoreCollectionViewCell.swift in Sources */ = {isa = PBXBuildFile; fileRef = 78DFB05429D70F22002DC963 /* StoreCollectionViewCell.swift */; };
		78DFB05729D72B69002DC963 /* StoreHeaderView.swift in Sources */ = {isa = PBXBuildFile; fileRef = 78DFB05629D72B69002DC963 /* StoreHeaderView.swift */; };
		78DFB05B29D72E63002DC963 /* StorePopUpViewController.swift in Sources */ = {isa = PBXBuildFile; fileRef = 78DFB05A29D72E63002DC963 /* StorePopUpViewController.swift */; };
		78DFB05F29D73E20002DC963 /* Pods_CustomMoment.framework in Frameworks */ = {isa = PBXBuildFile; fileRef = 82991A5AC183263865885DC6 /* Pods_CustomMoment.framework */; };
		78DFB06329D75E20002DC963 /* StorePopUpCollectionViewCell.swift in Sources */ = {isa = PBXBuildFile; fileRef = 78DFB06229D75E20002DC963 /* StorePopUpCollectionViewCell.swift */; };
		78DFB06529D87FBD002DC963 /* StorePopUpHeaderView.swift in Sources */ = {isa = PBXBuildFile; fileRef = 78DFB06429D87FBD002DC963 /* StorePopUpHeaderView.swift */; };
		78DFB06C29DC7B83002DC963 /* OrderViewController.swift in Sources */ = {isa = PBXBuildFile; fileRef = 78DFB06B29DC7B83002DC963 /* OrderViewController.swift */; };
		78DFB06E29DC7BE6002DC963 /* MemberInfoViewController.swift in Sources */ = {isa = PBXBuildFile; fileRef = 78DFB06D29DC7BE6002DC963 /* MemberInfoViewController.swift */; };
		78DFB07029DD4B2E002DC963 /* MyInfoSubViewsViewController.swift in Sources */ = {isa = PBXBuildFile; fileRef = 78DFB06F29DD4B2E002DC963 /* MyInfoSubViewsViewController.swift */; };
		78DFB07529DD686E002DC963 /* CartCollectionViewCell.swift in Sources */ = {isa = PBXBuildFile; fileRef = 78DFB07429DD686E002DC963 /* CartCollectionViewCell.swift */; };
		78DFB07729DDF0AB002DC963 /* OrderDetailViewController.swift in Sources */ = {isa = PBXBuildFile; fileRef = 78DFB07629DDF0AB002DC963 /* OrderDetailViewController.swift */; };
		78DFB07A29DF1872002DC963 /* DrawViewController.swift in Sources */ = {isa = PBXBuildFile; fileRef = 78DFB07929DF1872002DC963 /* DrawViewController.swift */; };
		78DFB07D29DF1EC2002DC963 /* APIService.swift in Sources */ = {isa = PBXBuildFile; fileRef = 78DFB07C29DF1EC2002DC963 /* APIService.swift */; };
		78DFB08029DF20C5002DC963 /* OpenAIKit in Frameworks */ = {isa = PBXBuildFile; productRef = 78DFB07F29DF20C5002DC963 /* OpenAIKit */; };
		78DFB08929E155D5002DC963 /* MyInfoCollectionViewCell.swift in Sources */ = {isa = PBXBuildFile; fileRef = 78DFB08829E155D5002DC963 /* MyInfoCollectionViewCell.swift */; };
		78DFB08E29E19A11002DC963 /* NoticeViewController.swift in Sources */ = {isa = PBXBuildFile; fileRef = 78DFB08D29E19A11002DC963 /* NoticeViewController.swift */; };
		78DFB09029E19A76002DC963 /* CouponViewController.swift in Sources */ = {isa = PBXBuildFile; fileRef = 78DFB08F29E19A76002DC963 /* CouponViewController.swift */; };
		78DFB09229E19AA5002DC963 /* EventViewController.swift in Sources */ = {isa = PBXBuildFile; fileRef = 78DFB09129E19AA5002DC963 /* EventViewController.swift */; };
		78DFB09629E1EBE5002DC963 /* OrderDetailTableViewCell.swift in Sources */ = {isa = PBXBuildFile; fileRef = 78DFB09529E1EBE5002DC963 /* OrderDetailTableViewCell.swift */; };
		78E0184729E38FFC0041F224 /* NotoSansKR-Regular.otf in Resources */ = {isa = PBXBuildFile; fileRef = 78E0184129E38FFC0041F224 /* NotoSansKR-Regular.otf */; };
		78E0184829E38FFC0041F224 /* NotoSansKR-Regular.otf in Resources */ = {isa = PBXBuildFile; fileRef = 78E0184129E38FFC0041F224 /* NotoSansKR-Regular.otf */; };
		78E0184929E38FFC0041F224 /* NotoSansKR-Regular.otf in Resources */ = {isa = PBXBuildFile; fileRef = 78E0184129E38FFC0041F224 /* NotoSansKR-Regular.otf */; };
		78E0184A29E38FFC0041F224 /* NotoSansKR-Medium.otf in Resources */ = {isa = PBXBuildFile; fileRef = 78E0184229E38FFC0041F224 /* NotoSansKR-Medium.otf */; };
		78E0184B29E38FFC0041F224 /* NotoSansKR-Medium.otf in Resources */ = {isa = PBXBuildFile; fileRef = 78E0184229E38FFC0041F224 /* NotoSansKR-Medium.otf */; };
		78E0184C29E38FFC0041F224 /* NotoSansKR-Medium.otf in Resources */ = {isa = PBXBuildFile; fileRef = 78E0184229E38FFC0041F224 /* NotoSansKR-Medium.otf */; };
		78E0184D29E38FFC0041F224 /* NotoSansKR-Thin.otf in Resources */ = {isa = PBXBuildFile; fileRef = 78E0184329E38FFC0041F224 /* NotoSansKR-Thin.otf */; };
		78E0184E29E38FFC0041F224 /* NotoSansKR-Thin.otf in Resources */ = {isa = PBXBuildFile; fileRef = 78E0184329E38FFC0041F224 /* NotoSansKR-Thin.otf */; };
		78E0184F29E38FFC0041F224 /* NotoSansKR-Thin.otf in Resources */ = {isa = PBXBuildFile; fileRef = 78E0184329E38FFC0041F224 /* NotoSansKR-Thin.otf */; };
		78E0185029E38FFC0041F224 /* NotoSansKR-Black.otf in Resources */ = {isa = PBXBuildFile; fileRef = 78E0184429E38FFC0041F224 /* NotoSansKR-Black.otf */; };
		78E0185129E38FFC0041F224 /* NotoSansKR-Black.otf in Resources */ = {isa = PBXBuildFile; fileRef = 78E0184429E38FFC0041F224 /* NotoSansKR-Black.otf */; };
		78E0185229E38FFC0041F224 /* NotoSansKR-Black.otf in Resources */ = {isa = PBXBuildFile; fileRef = 78E0184429E38FFC0041F224 /* NotoSansKR-Black.otf */; };
		78E0185329E38FFC0041F224 /* NotoSansKR-Light.otf in Resources */ = {isa = PBXBuildFile; fileRef = 78E0184529E38FFC0041F224 /* NotoSansKR-Light.otf */; };
		78E0185429E38FFC0041F224 /* NotoSansKR-Light.otf in Resources */ = {isa = PBXBuildFile; fileRef = 78E0184529E38FFC0041F224 /* NotoSansKR-Light.otf */; };
		78E0185529E38FFC0041F224 /* NotoSansKR-Light.otf in Resources */ = {isa = PBXBuildFile; fileRef = 78E0184529E38FFC0041F224 /* NotoSansKR-Light.otf */; };
		78E0185629E38FFC0041F224 /* NotoSansKR-Bold.otf in Resources */ = {isa = PBXBuildFile; fileRef = 78E0184629E38FFC0041F224 /* NotoSansKR-Bold.otf */; };
		78E0185729E38FFC0041F224 /* NotoSansKR-Bold.otf in Resources */ = {isa = PBXBuildFile; fileRef = 78E0184629E38FFC0041F224 /* NotoSansKR-Bold.otf */; };
		78E0185829E38FFC0041F224 /* NotoSansKR-Bold.otf in Resources */ = {isa = PBXBuildFile; fileRef = 78E0184629E38FFC0041F224 /* NotoSansKR-Bold.otf */; };
		78EBE59C29B600CB00E3B065 /* AppDelegate.swift in Sources */ = {isa = PBXBuildFile; fileRef = 78EBE59B29B600CB00E3B065 /* AppDelegate.swift */; };
		78EBE59E29B600CB00E3B065 /* SceneDelegate.swift in Sources */ = {isa = PBXBuildFile; fileRef = 78EBE59D29B600CB00E3B065 /* SceneDelegate.swift */; };
		78EBE5A529B600CE00E3B065 /* Assets.xcassets in Resources */ = {isa = PBXBuildFile; fileRef = 78EBE5A429B600CE00E3B065 /* Assets.xcassets */; };
		78EBE5A829B600CE00E3B065 /* LaunchScreen.storyboard in Resources */ = {isa = PBXBuildFile; fileRef = 78EBE5A629B600CE00E3B065 /* LaunchScreen.storyboard */; };
		78EBE5B329B600CE00E3B065 /* CustomMomentTests.swift in Sources */ = {isa = PBXBuildFile; fileRef = 78EBE5B229B600CE00E3B065 /* CustomMomentTests.swift */; };
		78EBE5BD29B600CE00E3B065 /* CustomMomentUITests.swift in Sources */ = {isa = PBXBuildFile; fileRef = 78EBE5BC29B600CE00E3B065 /* CustomMomentUITests.swift */; };
		78EBE5BF29B600CE00E3B065 /* CustomMomentUITestsLaunchTests.swift in Sources */ = {isa = PBXBuildFile; fileRef = 78EBE5BE29B600CE00E3B065 /* CustomMomentUITestsLaunchTests.swift */; };
		78EBE5CC29B613E400E3B065 /* HomeViewController.swift in Sources */ = {isa = PBXBuildFile; fileRef = 78EBE5CB29B613E400E3B065 /* HomeViewController.swift */; };
		78EBE5CE29B620B900E3B065 /* LoginViewController.swift in Sources */ = {isa = PBXBuildFile; fileRef = 78EBE5CD29B620B900E3B065 /* LoginViewController.swift */; };
		78EBE5D029B7012F00E3B065 /* SignUpViewController.swift in Sources */ = {isa = PBXBuildFile; fileRef = 78EBE5CF29B7012F00E3B065 /* SignUpViewController.swift */; };
		78F6919B29E1FBE10037C684 /* OrderCollectionViewCell.swift in Sources */ = {isa = PBXBuildFile; fileRef = 78F6919A29E1FBE10037C684 /* OrderCollectionViewCell.swift */; };
		78F6919E29E1FDBD0037C684 /* BillViewController.swift in Sources */ = {isa = PBXBuildFile; fileRef = 78F6919D29E1FDBD0037C684 /* BillViewController.swift */; };
		78FD435A29CCBCB6006ED4F8 /* MainOptionViewController.swift in Sources */ = {isa = PBXBuildFile; fileRef = 78FD435929CCBCB6006ED4F8 /* MainOptionViewController.swift */; };
		78FD435C29CF36AC006ED4F8 /* TimeButtonCollectionViewCell.swift in Sources */ = {isa = PBXBuildFile; fileRef = 78FD435B29CF36AC006ED4F8 /* TimeButtonCollectionViewCell.swift */; };
		78FD435E29D1EA19006ED4F8 /* OptionButtonCollectionViewCell.swift in Sources */ = {isa = PBXBuildFile; fileRef = 78FD435D29D1EA19006ED4F8 /* OptionButtonCollectionViewCell.swift */; };
		78FD436229D343B4006ED4F8 /* CakeViewController.swift in Sources */ = {isa = PBXBuildFile; fileRef = 78FD436129D343B4006ED4F8 /* CakeViewController.swift */; };
		78FD436629D34435006ED4F8 /* StoreViewController.swift in Sources */ = {isa = PBXBuildFile; fileRef = 78FD436529D34435006ED4F8 /* StoreViewController.swift */; };
		78FD436829D3444B006ED4F8 /* MyInfoViewController.swift in Sources */ = {isa = PBXBuildFile; fileRef = 78FD436729D3444B006ED4F8 /* MyInfoViewController.swift */; };
		78FD436A29D349DA006ED4F8 /* TabBarViewController.swift in Sources */ = {isa = PBXBuildFile; fileRef = 78FD436929D349DA006ED4F8 /* TabBarViewController.swift */; };
/* End PBXBuildFile section */

/* Begin PBXContainerItemProxy section */
		78EBE5AF29B600CE00E3B065 /* PBXContainerItemProxy */ = {
			isa = PBXContainerItemProxy;
			containerPortal = 78EBE59029B600CB00E3B065 /* Project object */;
			proxyType = 1;
			remoteGlobalIDString = 78EBE59729B600CB00E3B065;
			remoteInfo = CustomMoment;
		};
		78EBE5B929B600CE00E3B065 /* PBXContainerItemProxy */ = {
			isa = PBXContainerItemProxy;
			containerPortal = 78EBE59029B600CB00E3B065 /* Project object */;
			proxyType = 1;
			remoteGlobalIDString = 78EBE59729B600CB00E3B065;
			remoteInfo = CustomMoment;
		};
/* End PBXContainerItemProxy section */

/* Begin PBXFileReference section */
		0B83A24D41965C10EFB9ECF7 /* Pods-CustomMomentTests.release.xcconfig */ = {isa = PBXFileReference; includeInIndex = 1; lastKnownFileType = text.xcconfig; name = "Pods-CustomMomentTests.release.xcconfig"; path = "Target Support Files/Pods-CustomMomentTests/Pods-CustomMomentTests.release.xcconfig"; sourceTree = "<group>"; };
		2EF98C000751DDDC57F7D1C9 /* Pods-CustomMoment-CustomMomentUITests.release.xcconfig */ = {isa = PBXFileReference; includeInIndex = 1; lastKnownFileType = text.xcconfig; name = "Pods-CustomMoment-CustomMomentUITests.release.xcconfig"; path = "Target Support Files/Pods-CustomMoment-CustomMomentUITests/Pods-CustomMoment-CustomMomentUITests.release.xcconfig"; sourceTree = "<group>"; };
		6190D7770358427396EAC926 /* Pods-CustomMoment.debug.xcconfig */ = {isa = PBXFileReference; includeInIndex = 1; lastKnownFileType = text.xcconfig; name = "Pods-CustomMoment.debug.xcconfig"; path = "Target Support Files/Pods-CustomMoment/Pods-CustomMoment.debug.xcconfig"; sourceTree = "<group>"; };
		783F397029E862D100D8424D /* APIClient.swift */ = {isa = PBXFileReference; lastKnownFileType = sourcecode.swift; path = APIClient.swift; sourceTree = "<group>"; };
		783F397229E8634100D8424D /* AuthModel.swift */ = {isa = PBXFileReference; lastKnownFileType = sourcecode.swift; path = AuthModel.swift; sourceTree = "<group>"; };
		7858F8D829CA0EC200E20C92 /* SubCakeCollectionViewCell.swift */ = {isa = PBXFileReference; lastKnownFileType = sourcecode.swift; path = SubCakeCollectionViewCell.swift; sourceTree = "<group>"; };
		785C487B29D4AF6D00F52CFD /* CakeHeaderView.swift */ = {isa = PBXFileReference; lastKnownFileType = sourcecode.swift; path = CakeHeaderView.swift; sourceTree = "<group>"; };
		785C487D29D5F06300F52CFD /* CalendarPopUpViewController.swift */ = {isa = PBXFileReference; lastKnownFileType = sourcecode.swift; path = CalendarPopUpViewController.swift; sourceTree = "<group>"; };
		785CC9B029C43DEF0034BD30 /* MyHeaderView.swift */ = {isa = PBXFileReference; lastKnownFileType = sourcecode.swift; path = MyHeaderView.swift; sourceTree = "<group>"; };
		7862AB3B29C81BFC00E501C9 /* MainCakeViewController.swift */ = {isa = PBXFileReference; lastKnownFileType = sourcecode.swift; path = MainCakeViewController.swift; sourceTree = "<group>"; };
		7862AB3E29C824D400E501C9 /* UIViewExtension.swift */ = {isa = PBXFileReference; lastKnownFileType = sourcecode.swift; path = UIViewExtension.swift; sourceTree = "<group>"; };
		7862AB4029C8262800E501C9 /* MainCakeCollectionViewCell.swift */ = {isa = PBXFileReference; lastKnownFileType = sourcecode.swift; path = MainCakeCollectionViewCell.swift; sourceTree = "<group>"; };
		786509B729C193A000B7C7F3 /* BannerCollectionViewCell.swift */ = {isa = PBXFileReference; lastKnownFileType = sourcecode.swift; path = BannerCollectionViewCell.swift; sourceTree = "<group>"; };
		789ADAB829F1530D00D62292 /* CalendarModel.swift */ = {isa = PBXFileReference; lastKnownFileType = sourcecode.swift; path = CalendarModel.swift; sourceTree = "<group>"; };
		78C3C23D29ED13ED00405986 /* MainCakeModel.swift */ = {isa = PBXFileReference; lastKnownFileType = sourcecode.swift; path = MainCakeModel.swift; sourceTree = "<group>"; };
		78C3C23F29ED47DD00405986 /* MainStoreModel.swift */ = {isa = PBXFileReference; lastKnownFileType = sourcecode.swift; path = MainStoreModel.swift; sourceTree = "<group>"; };
		78C3C24129ED84CE00405986 /* MainCakeInfoModel.swift */ = {isa = PBXFileReference; lastKnownFileType = sourcecode.swift; path = MainCakeInfoModel.swift; sourceTree = "<group>"; };
		78C3C24329EFB59C00405986 /* CakeOptionModel.swift */ = {isa = PBXFileReference; lastKnownFileType = sourcecode.swift; path = CakeOptionModel.swift; sourceTree = "<group>"; };
		78DFB05429D70F22002DC963 /* StoreCollectionViewCell.swift */ = {isa = PBXFileReference; lastKnownFileType = sourcecode.swift; path = StoreCollectionViewCell.swift; sourceTree = "<group>"; };
		78DFB05629D72B69002DC963 /* StoreHeaderView.swift */ = {isa = PBXFileReference; lastKnownFileType = sourcecode.swift; path = StoreHeaderView.swift; sourceTree = "<group>"; };
		78DFB05A29D72E63002DC963 /* StorePopUpViewController.swift */ = {isa = PBXFileReference; lastKnownFileType = sourcecode.swift; path = StorePopUpViewController.swift; sourceTree = "<group>"; };
		78DFB06229D75E20002DC963 /* StorePopUpCollectionViewCell.swift */ = {isa = PBXFileReference; lastKnownFileType = sourcecode.swift; path = StorePopUpCollectionViewCell.swift; sourceTree = "<group>"; };
		78DFB06429D87FBD002DC963 /* StorePopUpHeaderView.swift */ = {isa = PBXFileReference; lastKnownFileType = sourcecode.swift; path = StorePopUpHeaderView.swift; sourceTree = "<group>"; };
		78DFB06B29DC7B83002DC963 /* OrderViewController.swift */ = {isa = PBXFileReference; lastKnownFileType = sourcecode.swift; path = OrderViewController.swift; sourceTree = "<group>"; };
		78DFB06D29DC7BE6002DC963 /* MemberInfoViewController.swift */ = {isa = PBXFileReference; lastKnownFileType = sourcecode.swift; path = MemberInfoViewController.swift; sourceTree = "<group>"; };
		78DFB06F29DD4B2E002DC963 /* MyInfoSubViewsViewController.swift */ = {isa = PBXFileReference; lastKnownFileType = sourcecode.swift; path = MyInfoSubViewsViewController.swift; sourceTree = "<group>"; };
		78DFB07429DD686E002DC963 /* CartCollectionViewCell.swift */ = {isa = PBXFileReference; lastKnownFileType = sourcecode.swift; path = CartCollectionViewCell.swift; sourceTree = "<group>"; };
		78DFB07629DDF0AB002DC963 /* OrderDetailViewController.swift */ = {isa = PBXFileReference; lastKnownFileType = sourcecode.swift; path = OrderDetailViewController.swift; sourceTree = "<group>"; };
		78DFB07929DF1872002DC963 /* DrawViewController.swift */ = {isa = PBXFileReference; lastKnownFileType = sourcecode.swift; path = DrawViewController.swift; sourceTree = "<group>"; };
		78DFB07C29DF1EC2002DC963 /* APIService.swift */ = {isa = PBXFileReference; lastKnownFileType = sourcecode.swift; path = APIService.swift; sourceTree = "<group>"; };
		78DFB08129DF5FBC002DC963 /* Secrets.xcconfig */ = {isa = PBXFileReference; lastKnownFileType = text.xcconfig; path = Secrets.xcconfig; sourceTree = "<group>"; };
		78DFB08829E155D5002DC963 /* MyInfoCollectionViewCell.swift */ = {isa = PBXFileReference; lastKnownFileType = sourcecode.swift; path = MyInfoCollectionViewCell.swift; sourceTree = "<group>"; };
		78DFB08D29E19A11002DC963 /* NoticeViewController.swift */ = {isa = PBXFileReference; lastKnownFileType = sourcecode.swift; path = NoticeViewController.swift; sourceTree = "<group>"; };
		78DFB08F29E19A76002DC963 /* CouponViewController.swift */ = {isa = PBXFileReference; lastKnownFileType = sourcecode.swift; path = CouponViewController.swift; sourceTree = "<group>"; };
		78DFB09129E19AA5002DC963 /* EventViewController.swift */ = {isa = PBXFileReference; lastKnownFileType = sourcecode.swift; path = EventViewController.swift; sourceTree = "<group>"; };
		78DFB09529E1EBE5002DC963 /* OrderDetailTableViewCell.swift */ = {isa = PBXFileReference; lastKnownFileType = sourcecode.swift; path = OrderDetailTableViewCell.swift; sourceTree = "<group>"; };
		78E0184129E38FFC0041F224 /* NotoSansKR-Regular.otf */ = {isa = PBXFileReference; lastKnownFileType = file; name = "NotoSansKR-Regular.otf"; path = "../../../../../../Library/Fonts/NotoSansKR-Regular.otf"; sourceTree = "<group>"; };
		78E0184229E38FFC0041F224 /* NotoSansKR-Medium.otf */ = {isa = PBXFileReference; lastKnownFileType = file; name = "NotoSansKR-Medium.otf"; path = "../../../../../../Library/Fonts/NotoSansKR-Medium.otf"; sourceTree = "<group>"; };
		78E0184329E38FFC0041F224 /* NotoSansKR-Thin.otf */ = {isa = PBXFileReference; lastKnownFileType = file; name = "NotoSansKR-Thin.otf"; path = "../../../../../../Library/Fonts/NotoSansKR-Thin.otf"; sourceTree = "<group>"; };
		78E0184429E38FFC0041F224 /* NotoSansKR-Black.otf */ = {isa = PBXFileReference; lastKnownFileType = file; name = "NotoSansKR-Black.otf"; path = "../../../../../../Library/Fonts/NotoSansKR-Black.otf"; sourceTree = "<group>"; };
		78E0184529E38FFC0041F224 /* NotoSansKR-Light.otf */ = {isa = PBXFileReference; lastKnownFileType = file; name = "NotoSansKR-Light.otf"; path = "../../../../../../Library/Fonts/NotoSansKR-Light.otf"; sourceTree = "<group>"; };
		78E0184629E38FFC0041F224 /* NotoSansKR-Bold.otf */ = {isa = PBXFileReference; lastKnownFileType = file; name = "NotoSansKR-Bold.otf"; path = "../../../../../../Library/Fonts/NotoSansKR-Bold.otf"; sourceTree = "<group>"; };
		78EBE59829B600CB00E3B065 /* CustomMoment.app */ = {isa = PBXFileReference; explicitFileType = wrapper.application; includeInIndex = 0; path = CustomMoment.app; sourceTree = BUILT_PRODUCTS_DIR; };
		78EBE59B29B600CB00E3B065 /* AppDelegate.swift */ = {isa = PBXFileReference; lastKnownFileType = sourcecode.swift; path = AppDelegate.swift; sourceTree = "<group>"; };
		78EBE59D29B600CB00E3B065 /* SceneDelegate.swift */ = {isa = PBXFileReference; lastKnownFileType = sourcecode.swift; path = SceneDelegate.swift; sourceTree = "<group>"; };
		78EBE5A429B600CE00E3B065 /* Assets.xcassets */ = {isa = PBXFileReference; lastKnownFileType = folder.assetcatalog; path = Assets.xcassets; sourceTree = "<group>"; };
		78EBE5A729B600CE00E3B065 /* Base */ = {isa = PBXFileReference; lastKnownFileType = file.storyboard; name = Base; path = Base.lproj/LaunchScreen.storyboard; sourceTree = "<group>"; };
		78EBE5A929B600CE00E3B065 /* Info.plist */ = {isa = PBXFileReference; lastKnownFileType = text.plist.xml; path = Info.plist; sourceTree = "<group>"; };
		78EBE5AE29B600CE00E3B065 /* CustomMomentTests.xctest */ = {isa = PBXFileReference; explicitFileType = wrapper.cfbundle; includeInIndex = 0; path = CustomMomentTests.xctest; sourceTree = BUILT_PRODUCTS_DIR; };
		78EBE5B229B600CE00E3B065 /* CustomMomentTests.swift */ = {isa = PBXFileReference; lastKnownFileType = sourcecode.swift; path = CustomMomentTests.swift; sourceTree = "<group>"; };
		78EBE5B829B600CE00E3B065 /* CustomMomentUITests.xctest */ = {isa = PBXFileReference; explicitFileType = wrapper.cfbundle; includeInIndex = 0; path = CustomMomentUITests.xctest; sourceTree = BUILT_PRODUCTS_DIR; };
		78EBE5BC29B600CE00E3B065 /* CustomMomentUITests.swift */ = {isa = PBXFileReference; lastKnownFileType = sourcecode.swift; path = CustomMomentUITests.swift; sourceTree = "<group>"; };
		78EBE5BE29B600CE00E3B065 /* CustomMomentUITestsLaunchTests.swift */ = {isa = PBXFileReference; lastKnownFileType = sourcecode.swift; path = CustomMomentUITestsLaunchTests.swift; sourceTree = "<group>"; };
		78EBE5CB29B613E400E3B065 /* HomeViewController.swift */ = {isa = PBXFileReference; lastKnownFileType = sourcecode.swift; path = HomeViewController.swift; sourceTree = "<group>"; };
		78EBE5CD29B620B900E3B065 /* LoginViewController.swift */ = {isa = PBXFileReference; lastKnownFileType = sourcecode.swift; path = LoginViewController.swift; sourceTree = "<group>"; };
		78EBE5CF29B7012F00E3B065 /* SignUpViewController.swift */ = {isa = PBXFileReference; lastKnownFileType = sourcecode.swift; path = SignUpViewController.swift; sourceTree = "<group>"; };
		78F6919A29E1FBE10037C684 /* OrderCollectionViewCell.swift */ = {isa = PBXFileReference; lastKnownFileType = sourcecode.swift; path = OrderCollectionViewCell.swift; sourceTree = "<group>"; };
		78F6919D29E1FDBD0037C684 /* BillViewController.swift */ = {isa = PBXFileReference; lastKnownFileType = sourcecode.swift; path = BillViewController.swift; sourceTree = "<group>"; };
		78FD435929CCBCB6006ED4F8 /* MainOptionViewController.swift */ = {isa = PBXFileReference; lastKnownFileType = sourcecode.swift; path = MainOptionViewController.swift; sourceTree = "<group>"; };
		78FD435B29CF36AC006ED4F8 /* TimeButtonCollectionViewCell.swift */ = {isa = PBXFileReference; lastKnownFileType = sourcecode.swift; path = TimeButtonCollectionViewCell.swift; sourceTree = "<group>"; };
		78FD435D29D1EA19006ED4F8 /* OptionButtonCollectionViewCell.swift */ = {isa = PBXFileReference; lastKnownFileType = sourcecode.swift; path = OptionButtonCollectionViewCell.swift; sourceTree = "<group>"; };
		78FD436129D343B4006ED4F8 /* CakeViewController.swift */ = {isa = PBXFileReference; lastKnownFileType = sourcecode.swift; path = CakeViewController.swift; sourceTree = "<group>"; };
		78FD436529D34435006ED4F8 /* StoreViewController.swift */ = {isa = PBXFileReference; lastKnownFileType = sourcecode.swift; path = StoreViewController.swift; sourceTree = "<group>"; };
		78FD436729D3444B006ED4F8 /* MyInfoViewController.swift */ = {isa = PBXFileReference; lastKnownFileType = sourcecode.swift; path = MyInfoViewController.swift; sourceTree = "<group>"; };
		78FD436929D349DA006ED4F8 /* TabBarViewController.swift */ = {isa = PBXFileReference; lastKnownFileType = sourcecode.swift; path = TabBarViewController.swift; sourceTree = "<group>"; };
		82991A5AC183263865885DC6 /* Pods_CustomMoment.framework */ = {isa = PBXFileReference; explicitFileType = wrapper.framework; includeInIndex = 0; path = Pods_CustomMoment.framework; sourceTree = BUILT_PRODUCTS_DIR; };
		8EE6212CE56B56E1F8960AEA /* Pods_CustomMoment_CustomMomentUITests.framework */ = {isa = PBXFileReference; explicitFileType = wrapper.framework; includeInIndex = 0; path = Pods_CustomMoment_CustomMomentUITests.framework; sourceTree = BUILT_PRODUCTS_DIR; };
		B5EA5C4F534C5BB1A7A5F5D1 /* Pods_CustomMomentTests.framework */ = {isa = PBXFileReference; explicitFileType = wrapper.framework; includeInIndex = 0; path = Pods_CustomMomentTests.framework; sourceTree = BUILT_PRODUCTS_DIR; };
		C406A4962EB9F29BD51DBB52 /* Pods-CustomMoment.release.xcconfig */ = {isa = PBXFileReference; includeInIndex = 1; lastKnownFileType = text.xcconfig; name = "Pods-CustomMoment.release.xcconfig"; path = "Target Support Files/Pods-CustomMoment/Pods-CustomMoment.release.xcconfig"; sourceTree = "<group>"; };
		CA5FB3CDA954EC8CD06A76B3 /* Pods-CustomMoment-CustomMomentUITests.debug.xcconfig */ = {isa = PBXFileReference; includeInIndex = 1; lastKnownFileType = text.xcconfig; name = "Pods-CustomMoment-CustomMomentUITests.debug.xcconfig"; path = "Target Support Files/Pods-CustomMoment-CustomMomentUITests/Pods-CustomMoment-CustomMomentUITests.debug.xcconfig"; sourceTree = "<group>"; };
		DF05E2CCE205D86F4209BB5E /* Pods-CustomMomentTests.debug.xcconfig */ = {isa = PBXFileReference; includeInIndex = 1; lastKnownFileType = text.xcconfig; name = "Pods-CustomMomentTests.debug.xcconfig"; path = "Target Support Files/Pods-CustomMomentTests/Pods-CustomMomentTests.debug.xcconfig"; sourceTree = "<group>"; };
/* End PBXFileReference section */

/* Begin PBXFrameworksBuildPhase section */
		78EBE59529B600CB00E3B065 /* Frameworks */ = {
			isa = PBXFrameworksBuildPhase;
			buildActionMask = 2147483647;
			files = (
				78DFB05F29D73E20002DC963 /* Pods_CustomMoment.framework in Frameworks */,
				78DFB08029DF20C5002DC963 /* OpenAIKit in Frameworks */,
			);
			runOnlyForDeploymentPostprocessing = 0;
		};
		78EBE5AB29B600CE00E3B065 /* Frameworks */ = {
			isa = PBXFrameworksBuildPhase;
			buildActionMask = 2147483647;
			files = (
				1290AA5B7A3C8ABAAB992B40 /* Pods_CustomMomentTests.framework in Frameworks */,
			);
			runOnlyForDeploymentPostprocessing = 0;
		};
		78EBE5B529B600CE00E3B065 /* Frameworks */ = {
			isa = PBXFrameworksBuildPhase;
			buildActionMask = 2147483647;
			files = (
				1420610BC3165F36D356AF7A /* Pods_CustomMoment_CustomMomentUITests.framework in Frameworks */,
			);
			runOnlyForDeploymentPostprocessing = 0;
		};
/* End PBXFrameworksBuildPhase section */

/* Begin PBXGroup section */
		783F396F29E8607900D8424D /* Networking */ = {
			isa = PBXGroup;
			children = (
				783F397029E862D100D8424D /* APIClient.swift */,
			);
			path = Networking;
			sourceTree = "<group>";
		};
		785BFDFD29BA1EF600CBDB0C /* Main */ = {
			isa = PBXGroup;
			children = (
				78EBE5CB29B613E400E3B065 /* HomeViewController.swift */,
				785CC9B029C43DEF0034BD30 /* MyHeaderView.swift */,
				786509B729C193A000B7C7F3 /* BannerCollectionViewCell.swift */,
				7862AB4029C8262800E501C9 /* MainCakeCollectionViewCell.swift */,
				78FD436929D349DA006ED4F8 /* TabBarViewController.swift */,
			);
			path = Main;
			sourceTree = "<group>";
		};
		785BFDFE29BA1F0700CBDB0C /* Account */ = {
			isa = PBXGroup;
			children = (
				78EBE5CF29B7012F00E3B065 /* SignUpViewController.swift */,
				78EBE5CD29B620B900E3B065 /* LoginViewController.swift */,
				783F397229E8634100D8424D /* AuthModel.swift */,
			);
			path = Account;
			sourceTree = "<group>";
		};
		7862AB3829C7DDC200E501C9 /* CakeInfo */ = {
			isa = PBXGroup;
			children = (
				789ADABB29F1B24100D62292 /* Model */,
				7862AB3B29C81BFC00E501C9 /* MainCakeViewController.swift */,
				7858F8D829CA0EC200E20C92 /* SubCakeCollectionViewCell.swift */,
			);
			path = CakeInfo;
			sourceTree = "<group>";
		};
		7862AB3D29C824A400E501C9 /* Extension */ = {
			isa = PBXGroup;
			children = (
				7862AB3E29C824D400E501C9 /* UIViewExtension.swift */,
			);
			path = Extension;
			sourceTree = "<group>";
		};
		789ADABA29F1B23000D62292 /* Model */ = {
			isa = PBXGroup;
			children = (
				789ADAB829F1530D00D62292 /* CalendarModel.swift */,
				78C3C24329EFB59C00405986 /* CakeOptionModel.swift */,
			);
			path = Model;
			sourceTree = "<group>";
		};
		789ADABB29F1B24100D62292 /* Model */ = {
			isa = PBXGroup;
			children = (
				78C3C24129ED84CE00405986 /* MainCakeInfoModel.swift */,
			);
			path = Model;
			sourceTree = "<group>";
		};
		789ADABC29F1B24D00D62292 /* Model */ = {
			isa = PBXGroup;
			children = (
				78C3C23F29ED47DD00405986 /* MainStoreModel.swift */,
				78C3C23D29ED13ED00405986 /* MainCakeModel.swift */,
			);
			path = Model;
			sourceTree = "<group>";
		};
		78DFB06629DB0E78002DC963 /* Subviews */ = {
			isa = PBXGroup;
			children = (
				78DFB06F29DD4B2E002DC963 /* MyInfoSubViewsViewController.swift */,
				78DFB08C29E199E0002DC963 /* Coupon */,
				78DFB08B29E199D6002DC963 /* Notice */,
				78DFB08A29E199CC002DC963 /* Event */,
				78F6919C29E1FD7F0037C684 /* Bill */,
				78DFB07329DD594C002DC963 /* MemberInfo */,
				78DFB07229DD5945002DC963 /* Order */,
			);
			path = Subviews;
			sourceTree = "<group>";
		};
		78DFB07229DD5945002DC963 /* Order */ = {
			isa = PBXGroup;
			children = (
				78DFB07629DDF0AB002DC963 /* OrderDetailViewController.swift */,
				78DFB09529E1EBE5002DC963 /* OrderDetailTableViewCell.swift */,
			);
			path = Order;
			sourceTree = "<group>";
		};
		78DFB07329DD594C002DC963 /* MemberInfo */ = {
			isa = PBXGroup;
			children = (
				78DFB06D29DC7BE6002DC963 /* MemberInfoViewController.swift */,
			);
			path = MemberInfo;
			sourceTree = "<group>";
		};
		78DFB07829DF1783002DC963 /* DrawTab */ = {
			isa = PBXGroup;
			children = (
				78DFB07B29DF1E2A002DC963 /* DALLE_API */,
				78DFB07929DF1872002DC963 /* DrawViewController.swift */,
			);
			path = DrawTab;
			sourceTree = "<group>";
		};
		78DFB07B29DF1E2A002DC963 /* DALLE_API */ = {
			isa = PBXGroup;
			children = (
				78DFB07C29DF1EC2002DC963 /* APIService.swift */,
			);
			path = DALLE_API;
			sourceTree = "<group>";
		};
		78DFB08A29E199CC002DC963 /* Event */ = {
			isa = PBXGroup;
			children = (
				78DFB09129E19AA5002DC963 /* EventViewController.swift */,
			);
			path = Event;
			sourceTree = "<group>";
		};
		78DFB08B29E199D6002DC963 /* Notice */ = {
			isa = PBXGroup;
			children = (
				78DFB08D29E19A11002DC963 /* NoticeViewController.swift */,
			);
			path = Notice;
			sourceTree = "<group>";
		};
		78DFB08C29E199E0002DC963 /* Coupon */ = {
			isa = PBXGroup;
			children = (
				78DFB08F29E19A76002DC963 /* CouponViewController.swift */,
			);
			path = Coupon;
			sourceTree = "<group>";
		};
		78E0184029E38F8B0041F224 /* Settings */ = {
			isa = PBXGroup;
			children = (
				78E0184429E38FFC0041F224 /* NotoSansKR-Black.otf */,
				78E0184629E38FFC0041F224 /* NotoSansKR-Bold.otf */,
				78E0184529E38FFC0041F224 /* NotoSansKR-Light.otf */,
				78E0184229E38FFC0041F224 /* NotoSansKR-Medium.otf */,
				78E0184129E38FFC0041F224 /* NotoSansKR-Regular.otf */,
				78E0184329E38FFC0041F224 /* NotoSansKR-Thin.otf */,
			);
			path = Settings;
			sourceTree = "<group>";
		};
		78EBE58F29B600CB00E3B065 = {
			isa = PBXGroup;
			children = (
				78EBE59A29B600CB00E3B065 /* CustomMoment */,
				78EBE5B129B600CE00E3B065 /* CustomMomentTests */,
				78EBE5BB29B600CE00E3B065 /* CustomMomentUITests */,
				78EBE59929B600CB00E3B065 /* Products */,
				9EAB459D4A940672F2C63031 /* Pods */,
				8A9EEF3753E5B5BA09C621F4 /* Frameworks */,
			);
			sourceTree = "<group>";
		};
		78EBE59929B600CB00E3B065 /* Products */ = {
			isa = PBXGroup;
			children = (
				78EBE59829B600CB00E3B065 /* CustomMoment.app */,
				78EBE5AE29B600CE00E3B065 /* CustomMomentTests.xctest */,
				78EBE5B829B600CE00E3B065 /* CustomMomentUITests.xctest */,
			);
			name = Products;
			sourceTree = "<group>";
		};
		78EBE59A29B600CB00E3B065 /* CustomMoment */ = {
			isa = PBXGroup;
			children = (
				783F396F29E8607900D8424D /* Networking */,
				78DFB07829DF1783002DC963 /* DrawTab */,
				78FD436429D3441E006ED4F8 /* MyInfoTab */,
				78FD436329D34414006ED4F8 /* StoreTab */,
				78FD436029D3439C006ED4F8 /* CakeTab */,
				78FD435F29D34362006ED4F8 /* MainTab */,
				7862AB3D29C824A400E501C9 /* Extension */,
				78E0184029E38F8B0041F224 /* Settings */,
				78EBE5A429B600CE00E3B065 /* Assets.xcassets */,
				78EBE5A629B600CE00E3B065 /* LaunchScreen.storyboard */,
				78EBE59D29B600CB00E3B065 /* SceneDelegate.swift */,
				78EBE59B29B600CB00E3B065 /* AppDelegate.swift */,
				78EBE5A929B600CE00E3B065 /* Info.plist */,
				78DFB08129DF5FBC002DC963 /* Secrets.xcconfig */,
			);
			path = CustomMoment;
			sourceTree = "<group>";
		};
		78EBE5B129B600CE00E3B065 /* CustomMomentTests */ = {
			isa = PBXGroup;
			children = (
				78EBE5B229B600CE00E3B065 /* CustomMomentTests.swift */,
			);
			path = CustomMomentTests;
			sourceTree = "<group>";
		};
		78EBE5BB29B600CE00E3B065 /* CustomMomentUITests */ = {
			isa = PBXGroup;
			children = (
				78EBE5BC29B600CE00E3B065 /* CustomMomentUITests.swift */,
				78EBE5BE29B600CE00E3B065 /* CustomMomentUITestsLaunchTests.swift */,
			);
			path = CustomMomentUITests;
			sourceTree = "<group>";
		};
		78F6919C29E1FD7F0037C684 /* Bill */ = {
			isa = PBXGroup;
			children = (
				78DFB06B29DC7B83002DC963 /* OrderViewController.swift */,
				78F6919A29E1FBE10037C684 /* OrderCollectionViewCell.swift */,
				78F6919D29E1FDBD0037C684 /* BillViewController.swift */,
			);
			path = Bill;
			sourceTree = "<group>";
		};
		78FD435829CCBC99006ED4F8 /* CakeOption */ = {
			isa = PBXGroup;
			children = (
				78FD435929CCBCB6006ED4F8 /* MainOptionViewController.swift */,
				78FD435B29CF36AC006ED4F8 /* TimeButtonCollectionViewCell.swift */,
				78FD435D29D1EA19006ED4F8 /* OptionButtonCollectionViewCell.swift */,
				789ADABA29F1B23000D62292 /* Model */,
			);
			path = CakeOption;
			sourceTree = "<group>";
		};
		78FD435F29D34362006ED4F8 /* MainTab */ = {
			isa = PBXGroup;
			children = (
				785BFDFD29BA1EF600CBDB0C /* Main */,
				789ADABC29F1B24D00D62292 /* Model */,
			);
			path = MainTab;
			sourceTree = "<group>";
		};
		78FD436029D3439C006ED4F8 /* CakeTab */ = {
			isa = PBXGroup;
			children = (
				78FD436129D343B4006ED4F8 /* CakeViewController.swift */,
				785C487B29D4AF6D00F52CFD /* CakeHeaderView.swift */,
				785C487D29D5F06300F52CFD /* CalendarPopUpViewController.swift */,
				7862AB3829C7DDC200E501C9 /* CakeInfo */,
				78FD435829CCBC99006ED4F8 /* CakeOption */,
			);
			path = CakeTab;
			sourceTree = "<group>";
		};
		78FD436329D34414006ED4F8 /* StoreTab */ = {
			isa = PBXGroup;
			children = (
				78FD436529D34435006ED4F8 /* StoreViewController.swift */,
				78DFB05429D70F22002DC963 /* StoreCollectionViewCell.swift */,
				78DFB05629D72B69002DC963 /* StoreHeaderView.swift */,
				78DFB05A29D72E63002DC963 /* StorePopUpViewController.swift */,
				78DFB06229D75E20002DC963 /* StorePopUpCollectionViewCell.swift */,
				78DFB06429D87FBD002DC963 /* StorePopUpHeaderView.swift */,
			);
			path = StoreTab;
			sourceTree = "<group>";
		};
		78FD436429D3441E006ED4F8 /* MyInfoTab */ = {
			isa = PBXGroup;
			children = (
				785BFDFE29BA1F0700CBDB0C /* Account */,
				78DFB06629DB0E78002DC963 /* Subviews */,
				78FD436729D3444B006ED4F8 /* MyInfoViewController.swift */,
				78DFB08829E155D5002DC963 /* MyInfoCollectionViewCell.swift */,
				78DFB07429DD686E002DC963 /* CartCollectionViewCell.swift */,
			);
			path = MyInfoTab;
			sourceTree = "<group>";
		};
		8A9EEF3753E5B5BA09C621F4 /* Frameworks */ = {
			isa = PBXGroup;
			children = (
				82991A5AC183263865885DC6 /* Pods_CustomMoment.framework */,
				8EE6212CE56B56E1F8960AEA /* Pods_CustomMoment_CustomMomentUITests.framework */,
				B5EA5C4F534C5BB1A7A5F5D1 /* Pods_CustomMomentTests.framework */,
			);
			name = Frameworks;
			sourceTree = "<group>";
		};
		9EAB459D4A940672F2C63031 /* Pods */ = {
			isa = PBXGroup;
			children = (
				6190D7770358427396EAC926 /* Pods-CustomMoment.debug.xcconfig */,
				C406A4962EB9F29BD51DBB52 /* Pods-CustomMoment.release.xcconfig */,
				CA5FB3CDA954EC8CD06A76B3 /* Pods-CustomMoment-CustomMomentUITests.debug.xcconfig */,
				2EF98C000751DDDC57F7D1C9 /* Pods-CustomMoment-CustomMomentUITests.release.xcconfig */,
				DF05E2CCE205D86F4209BB5E /* Pods-CustomMomentTests.debug.xcconfig */,
				0B83A24D41965C10EFB9ECF7 /* Pods-CustomMomentTests.release.xcconfig */,
			);
			path = Pods;
			sourceTree = "<group>";
		};
/* End PBXGroup section */

/* Begin PBXNativeTarget section */
		78EBE59729B600CB00E3B065 /* CustomMoment */ = {
			isa = PBXNativeTarget;
			buildConfigurationList = 78EBE5C229B600CE00E3B065 /* Build configuration list for PBXNativeTarget "CustomMoment" */;
			buildPhases = (
				84B44859E2477FCB50379710 /* [CP] Check Pods Manifest.lock */,
				78EBE59429B600CB00E3B065 /* Sources */,
				78EBE59529B600CB00E3B065 /* Frameworks */,
				78EBE59629B600CB00E3B065 /* Resources */,
				5EA12419EED3F21FB1075160 /* [CP] Embed Pods Frameworks */,
			);
			buildRules = (
			);
			dependencies = (
			);
			name = CustomMoment;
			packageProductDependencies = (
				78DFB07F29DF20C5002DC963 /* OpenAIKit */,
			);
			productName = CustomMoment;
			productReference = 78EBE59829B600CB00E3B065 /* CustomMoment.app */;
			productType = "com.apple.product-type.application";
		};
		78EBE5AD29B600CE00E3B065 /* CustomMomentTests */ = {
			isa = PBXNativeTarget;
			buildConfigurationList = 78EBE5C529B600CE00E3B065 /* Build configuration list for PBXNativeTarget "CustomMomentTests" */;
			buildPhases = (
				9730D66E654B7E7E1B5F3D90 /* [CP] Check Pods Manifest.lock */,
				78EBE5AA29B600CE00E3B065 /* Sources */,
				78EBE5AB29B600CE00E3B065 /* Frameworks */,
				78EBE5AC29B600CE00E3B065 /* Resources */,
			);
			buildRules = (
			);
			dependencies = (
				78EBE5B029B600CE00E3B065 /* PBXTargetDependency */,
			);
			name = CustomMomentTests;
			productName = CustomMomentTests;
			productReference = 78EBE5AE29B600CE00E3B065 /* CustomMomentTests.xctest */;
			productType = "com.apple.product-type.bundle.unit-test";
		};
		78EBE5B729B600CE00E3B065 /* CustomMomentUITests */ = {
			isa = PBXNativeTarget;
			buildConfigurationList = 78EBE5C829B600CE00E3B065 /* Build configuration list for PBXNativeTarget "CustomMomentUITests" */;
			buildPhases = (
				6F255FED5F6FA23D0831775F /* [CP] Check Pods Manifest.lock */,
				78EBE5B429B600CE00E3B065 /* Sources */,
				78EBE5B529B600CE00E3B065 /* Frameworks */,
				78EBE5B629B600CE00E3B065 /* Resources */,
				D4BA4DA53587E31EDB150E58 /* [CP] Embed Pods Frameworks */,
			);
			buildRules = (
			);
			dependencies = (
				78EBE5BA29B600CE00E3B065 /* PBXTargetDependency */,
			);
			name = CustomMomentUITests;
			productName = CustomMomentUITests;
			productReference = 78EBE5B829B600CE00E3B065 /* CustomMomentUITests.xctest */;
			productType = "com.apple.product-type.bundle.ui-testing";
		};
/* End PBXNativeTarget section */

/* Begin PBXProject section */
		78EBE59029B600CB00E3B065 /* Project object */ = {
			isa = PBXProject;
			attributes = {
				BuildIndependentTargetsInParallel = 1;
				LastSwiftUpdateCheck = 1420;
				LastUpgradeCheck = 1420;
				TargetAttributes = {
					78EBE59729B600CB00E3B065 = {
						CreatedOnToolsVersion = 14.2;
					};
					78EBE5AD29B600CE00E3B065 = {
						CreatedOnToolsVersion = 14.2;
						TestTargetID = 78EBE59729B600CB00E3B065;
					};
					78EBE5B729B600CE00E3B065 = {
						CreatedOnToolsVersion = 14.2;
						TestTargetID = 78EBE59729B600CB00E3B065;
					};
				};
			};
			buildConfigurationList = 78EBE59329B600CB00E3B065 /* Build configuration list for PBXProject "CustomMoment" */;
			compatibilityVersion = "Xcode 14.0";
			developmentRegion = en;
			hasScannedForEncodings = 0;
			knownRegions = (
				en,
				Base,
			);
			mainGroup = 78EBE58F29B600CB00E3B065;
			packageReferences = (
				78DFB07E29DF20C4002DC963 /* XCRemoteSwiftPackageReference "OpenAIKit" */,
			);
			productRefGroup = 78EBE59929B600CB00E3B065 /* Products */;
			projectDirPath = "";
			projectRoot = "";
			targets = (
				78EBE59729B600CB00E3B065 /* CustomMoment */,
				78EBE5AD29B600CE00E3B065 /* CustomMomentTests */,
				78EBE5B729B600CE00E3B065 /* CustomMomentUITests */,
			);
		};
/* End PBXProject section */

/* Begin PBXResourcesBuildPhase section */
		78EBE59629B600CB00E3B065 /* Resources */ = {
			isa = PBXResourcesBuildPhase;
			buildActionMask = 2147483647;
			files = (
				78E0184A29E38FFC0041F224 /* NotoSansKR-Medium.otf in Resources */,
				78EBE5A829B600CE00E3B065 /* LaunchScreen.storyboard in Resources */,
				78E0185629E38FFC0041F224 /* NotoSansKR-Bold.otf in Resources */,
				78E0185329E38FFC0041F224 /* NotoSansKR-Light.otf in Resources */,
				78E0184729E38FFC0041F224 /* NotoSansKR-Regular.otf in Resources */,
				78E0185029E38FFC0041F224 /* NotoSansKR-Black.otf in Resources */,
				78EBE5A529B600CE00E3B065 /* Assets.xcassets in Resources */,
				78E0184D29E38FFC0041F224 /* NotoSansKR-Thin.otf in Resources */,
			);
			runOnlyForDeploymentPostprocessing = 0;
		};
		78EBE5AC29B600CE00E3B065 /* Resources */ = {
			isa = PBXResourcesBuildPhase;
			buildActionMask = 2147483647;
			files = (
				78E0184E29E38FFC0041F224 /* NotoSansKR-Thin.otf in Resources */,
				78E0185429E38FFC0041F224 /* NotoSansKR-Light.otf in Resources */,
				78E0184B29E38FFC0041F224 /* NotoSansKR-Medium.otf in Resources */,
				78E0184829E38FFC0041F224 /* NotoSansKR-Regular.otf in Resources */,
				78E0185729E38FFC0041F224 /* NotoSansKR-Bold.otf in Resources */,
				78E0185129E38FFC0041F224 /* NotoSansKR-Black.otf in Resources */,
			);
			runOnlyForDeploymentPostprocessing = 0;
		};
		78EBE5B629B600CE00E3B065 /* Resources */ = {
			isa = PBXResourcesBuildPhase;
			buildActionMask = 2147483647;
			files = (
				78E0184F29E38FFC0041F224 /* NotoSansKR-Thin.otf in Resources */,
				78E0185529E38FFC0041F224 /* NotoSansKR-Light.otf in Resources */,
				78E0184C29E38FFC0041F224 /* NotoSansKR-Medium.otf in Resources */,
				78E0184929E38FFC0041F224 /* NotoSansKR-Regular.otf in Resources */,
				78E0185829E38FFC0041F224 /* NotoSansKR-Bold.otf in Resources */,
				78E0185229E38FFC0041F224 /* NotoSansKR-Black.otf in Resources */,
			);
			runOnlyForDeploymentPostprocessing = 0;
		};
/* End PBXResourcesBuildPhase section */

/* Begin PBXShellScriptBuildPhase section */
		5EA12419EED3F21FB1075160 /* [CP] Embed Pods Frameworks */ = {
			isa = PBXShellScriptBuildPhase;
			buildActionMask = 2147483647;
			files = (
			);
			inputFileListPaths = (
				"${PODS_ROOT}/Target Support Files/Pods-CustomMoment/Pods-CustomMoment-frameworks-${CONFIGURATION}-input-files.xcfilelist",
			);
			name = "[CP] Embed Pods Frameworks";
			outputFileListPaths = (
				"${PODS_ROOT}/Target Support Files/Pods-CustomMoment/Pods-CustomMoment-frameworks-${CONFIGURATION}-output-files.xcfilelist",
			);
			runOnlyForDeploymentPostprocessing = 0;
			shellPath = /bin/sh;
			shellScript = "\"${PODS_ROOT}/Target Support Files/Pods-CustomMoment/Pods-CustomMoment-frameworks.sh\"\n";
			showEnvVarsInLog = 0;
		};
		6F255FED5F6FA23D0831775F /* [CP] Check Pods Manifest.lock */ = {
			isa = PBXShellScriptBuildPhase;
			buildActionMask = 2147483647;
			files = (
			);
			inputFileListPaths = (
			);
			inputPaths = (
				"${PODS_PODFILE_DIR_PATH}/Podfile.lock",
				"${PODS_ROOT}/Manifest.lock",
			);
			name = "[CP] Check Pods Manifest.lock";
			outputFileListPaths = (
			);
			outputPaths = (
				"$(DERIVED_FILE_DIR)/Pods-CustomMoment-CustomMomentUITests-checkManifestLockResult.txt",
			);
			runOnlyForDeploymentPostprocessing = 0;
			shellPath = /bin/sh;
			shellScript = "diff \"${PODS_PODFILE_DIR_PATH}/Podfile.lock\" \"${PODS_ROOT}/Manifest.lock\" > /dev/null\nif [ $? != 0 ] ; then\n    # print error to STDERR\n    echo \"error: The sandbox is not in sync with the Podfile.lock. Run 'pod install' or update your CocoaPods installation.\" >&2\n    exit 1\nfi\n# This output is used by Xcode 'outputs' to avoid re-running this script phase.\necho \"SUCCESS\" > \"${SCRIPT_OUTPUT_FILE_0}\"\n";
			showEnvVarsInLog = 0;
		};
		84B44859E2477FCB50379710 /* [CP] Check Pods Manifest.lock */ = {
			isa = PBXShellScriptBuildPhase;
			buildActionMask = 2147483647;
			files = (
			);
			inputFileListPaths = (
			);
			inputPaths = (
				"${PODS_PODFILE_DIR_PATH}/Podfile.lock",
				"${PODS_ROOT}/Manifest.lock",
			);
			name = "[CP] Check Pods Manifest.lock";
			outputFileListPaths = (
			);
			outputPaths = (
				"$(DERIVED_FILE_DIR)/Pods-CustomMoment-checkManifestLockResult.txt",
			);
			runOnlyForDeploymentPostprocessing = 0;
			shellPath = /bin/sh;
			shellScript = "diff \"${PODS_PODFILE_DIR_PATH}/Podfile.lock\" \"${PODS_ROOT}/Manifest.lock\" > /dev/null\nif [ $? != 0 ] ; then\n    # print error to STDERR\n    echo \"error: The sandbox is not in sync with the Podfile.lock. Run 'pod install' or update your CocoaPods installation.\" >&2\n    exit 1\nfi\n# This output is used by Xcode 'outputs' to avoid re-running this script phase.\necho \"SUCCESS\" > \"${SCRIPT_OUTPUT_FILE_0}\"\n";
			showEnvVarsInLog = 0;
		};
		9730D66E654B7E7E1B5F3D90 /* [CP] Check Pods Manifest.lock */ = {
			isa = PBXShellScriptBuildPhase;
			buildActionMask = 2147483647;
			files = (
			);
			inputFileListPaths = (
			);
			inputPaths = (
				"${PODS_PODFILE_DIR_PATH}/Podfile.lock",
				"${PODS_ROOT}/Manifest.lock",
			);
			name = "[CP] Check Pods Manifest.lock";
			outputFileListPaths = (
			);
			outputPaths = (
				"$(DERIVED_FILE_DIR)/Pods-CustomMomentTests-checkManifestLockResult.txt",
			);
			runOnlyForDeploymentPostprocessing = 0;
			shellPath = /bin/sh;
			shellScript = "diff \"${PODS_PODFILE_DIR_PATH}/Podfile.lock\" \"${PODS_ROOT}/Manifest.lock\" > /dev/null\nif [ $? != 0 ] ; then\n    # print error to STDERR\n    echo \"error: The sandbox is not in sync with the Podfile.lock. Run 'pod install' or update your CocoaPods installation.\" >&2\n    exit 1\nfi\n# This output is used by Xcode 'outputs' to avoid re-running this script phase.\necho \"SUCCESS\" > \"${SCRIPT_OUTPUT_FILE_0}\"\n";
			showEnvVarsInLog = 0;
		};
		D4BA4DA53587E31EDB150E58 /* [CP] Embed Pods Frameworks */ = {
			isa = PBXShellScriptBuildPhase;
			buildActionMask = 2147483647;
			files = (
			);
			inputFileListPaths = (
				"${PODS_ROOT}/Target Support Files/Pods-CustomMoment-CustomMomentUITests/Pods-CustomMoment-CustomMomentUITests-frameworks-${CONFIGURATION}-input-files.xcfilelist",
			);
			name = "[CP] Embed Pods Frameworks";
			outputFileListPaths = (
				"${PODS_ROOT}/Target Support Files/Pods-CustomMoment-CustomMomentUITests/Pods-CustomMoment-CustomMomentUITests-frameworks-${CONFIGURATION}-output-files.xcfilelist",
			);
			runOnlyForDeploymentPostprocessing = 0;
			shellPath = /bin/sh;
			shellScript = "\"${PODS_ROOT}/Target Support Files/Pods-CustomMoment-CustomMomentUITests/Pods-CustomMoment-CustomMomentUITests-frameworks.sh\"\n";
			showEnvVarsInLog = 0;
		};
/* End PBXShellScriptBuildPhase section */

/* Begin PBXSourcesBuildPhase section */
		78EBE59429B600CB00E3B065 /* Sources */ = {
			isa = PBXSourcesBuildPhase;
			buildActionMask = 2147483647;
			files = (
				7862AB3F29C824D400E501C9 /* UIViewExtension.swift in Sources */,
				78DFB08929E155D5002DC963 /* MyInfoCollectionViewCell.swift in Sources */,
				78DFB09629E1EBE5002DC963 /* OrderDetailTableViewCell.swift in Sources */,
				786509B829C193A000B7C7F3 /* BannerCollectionViewCell.swift in Sources */,
				78EBE5CE29B620B900E3B065 /* LoginViewController.swift in Sources */,
				7862AB3C29C81BFC00E501C9 /* MainCakeViewController.swift in Sources */,
				78DFB09229E19AA5002DC963 /* EventViewController.swift in Sources */,
				78DFB07A29DF1872002DC963 /* DrawViewController.swift in Sources */,
				78DFB06529D87FBD002DC963 /* StorePopUpHeaderView.swift in Sources */,
				78FD435E29D1EA19006ED4F8 /* OptionButtonCollectionViewCell.swift in Sources */,
				78FD436629D34435006ED4F8 /* StoreViewController.swift in Sources */,
				78DFB06C29DC7B83002DC963 /* OrderViewController.swift in Sources */,
				78DFB07529DD686E002DC963 /* CartCollectionViewCell.swift in Sources */,
				78F6919B29E1FBE10037C684 /* OrderCollectionViewCell.swift in Sources */,
				785C487C29D4AF6D00F52CFD /* CakeHeaderView.swift in Sources */,
				78EBE59C29B600CB00E3B065 /* AppDelegate.swift in Sources */,
				78C3C23E29ED13ED00405986 /* MainCakeModel.swift in Sources */,
				78DFB06329D75E20002DC963 /* StorePopUpCollectionViewCell.swift in Sources */,
				78DFB09029E19A76002DC963 /* CouponViewController.swift in Sources */,
				78FD436229D343B4006ED4F8 /* CakeViewController.swift in Sources */,
				78DFB06E29DC7BE6002DC963 /* MemberInfoViewController.swift in Sources */,
				78FD436A29D349DA006ED4F8 /* TabBarViewController.swift in Sources */,
				78DFB07729DDF0AB002DC963 /* OrderDetailViewController.swift in Sources */,
				783F397329E8634100D8424D /* AuthModel.swift in Sources */,
				7862AB4129C8262800E501C9 /* MainCakeCollectionViewCell.swift in Sources */,
				78C3C24029ED47DD00405986 /* MainStoreModel.swift in Sources */,
				785CC9B129C43DEF0034BD30 /* MyHeaderView.swift in Sources */,
				78C3C24429EFB59C00405986 /* CakeOptionModel.swift in Sources */,
				78DFB05729D72B69002DC963 /* StoreHeaderView.swift in Sources */,
				785C487E29D5F06300F52CFD /* CalendarPopUpViewController.swift in Sources */,
				78EBE59E29B600CB00E3B065 /* SceneDelegate.swift in Sources */,
				78EBE5CC29B613E400E3B065 /* HomeViewController.swift in Sources */,
				78DFB05B29D72E63002DC963 /* StorePopUpViewController.swift in Sources */,
				78DFB05529D70F22002DC963 /* StoreCollectionViewCell.swift in Sources */,
				78DFB07029DD4B2E002DC963 /* MyInfoSubViewsViewController.swift in Sources */,
				78EBE5D029B7012F00E3B065 /* SignUpViewController.swift in Sources */,
				78DFB07D29DF1EC2002DC963 /* APIService.swift in Sources */,
				78C3C24229ED84CE00405986 /* MainCakeInfoModel.swift in Sources */,
				78FD435A29CCBCB6006ED4F8 /* MainOptionViewController.swift in Sources */,
				789ADAB929F1530D00D62292 /* CalendarModel.swift in Sources */,
				7858F8D929CA0EC200E20C92 /* SubCakeCollectionViewCell.swift in Sources */,
				78FD436829D3444B006ED4F8 /* MyInfoViewController.swift in Sources */,
				78F6919E29E1FDBD0037C684 /* BillViewController.swift in Sources */,
				78DFB08E29E19A11002DC963 /* NoticeViewController.swift in Sources */,
				78FD435C29CF36AC006ED4F8 /* TimeButtonCollectionViewCell.swift in Sources */,
				783F397129E862D100D8424D /* APIClient.swift in Sources */,
			);
			runOnlyForDeploymentPostprocessing = 0;
		};
		78EBE5AA29B600CE00E3B065 /* Sources */ = {
			isa = PBXSourcesBuildPhase;
			buildActionMask = 2147483647;
			files = (
				78EBE5B329B600CE00E3B065 /* CustomMomentTests.swift in Sources */,
			);
			runOnlyForDeploymentPostprocessing = 0;
		};
		78EBE5B429B600CE00E3B065 /* Sources */ = {
			isa = PBXSourcesBuildPhase;
			buildActionMask = 2147483647;
			files = (
				78EBE5BD29B600CE00E3B065 /* CustomMomentUITests.swift in Sources */,
				78EBE5BF29B600CE00E3B065 /* CustomMomentUITestsLaunchTests.swift in Sources */,
			);
			runOnlyForDeploymentPostprocessing = 0;
		};
/* End PBXSourcesBuildPhase section */

/* Begin PBXTargetDependency section */
		78EBE5B029B600CE00E3B065 /* PBXTargetDependency */ = {
			isa = PBXTargetDependency;
			target = 78EBE59729B600CB00E3B065 /* CustomMoment */;
			targetProxy = 78EBE5AF29B600CE00E3B065 /* PBXContainerItemProxy */;
		};
		78EBE5BA29B600CE00E3B065 /* PBXTargetDependency */ = {
			isa = PBXTargetDependency;
			target = 78EBE59729B600CB00E3B065 /* CustomMoment */;
			targetProxy = 78EBE5B929B600CE00E3B065 /* PBXContainerItemProxy */;
		};
/* End PBXTargetDependency section */

/* Begin PBXVariantGroup section */
		78EBE5A629B600CE00E3B065 /* LaunchScreen.storyboard */ = {
			isa = PBXVariantGroup;
			children = (
				78EBE5A729B600CE00E3B065 /* Base */,
			);
			name = LaunchScreen.storyboard;
			sourceTree = "<group>";
		};
/* End PBXVariantGroup section */

/* Begin XCBuildConfiguration section */
		78EBE5C029B600CE00E3B065 /* Debug */ = {
			isa = XCBuildConfiguration;
			buildSettings = {
				ALWAYS_SEARCH_USER_PATHS = NO;
				CLANG_ANALYZER_NONNULL = YES;
				CLANG_ANALYZER_NUMBER_OBJECT_CONVERSION = YES_AGGRESSIVE;
				CLANG_CXX_LANGUAGE_STANDARD = "gnu++20";
				CLANG_ENABLE_MODULES = YES;
				CLANG_ENABLE_OBJC_ARC = YES;
				CLANG_ENABLE_OBJC_WEAK = YES;
				CLANG_WARN_BLOCK_CAPTURE_AUTORELEASING = YES;
				CLANG_WARN_BOOL_CONVERSION = YES;
				CLANG_WARN_COMMA = YES;
				CLANG_WARN_CONSTANT_CONVERSION = YES;
				CLANG_WARN_DEPRECATED_OBJC_IMPLEMENTATIONS = YES;
				CLANG_WARN_DIRECT_OBJC_ISA_USAGE = YES_ERROR;
				CLANG_WARN_DOCUMENTATION_COMMENTS = YES;
				CLANG_WARN_EMPTY_BODY = YES;
				CLANG_WARN_ENUM_CONVERSION = YES;
				CLANG_WARN_INFINITE_RECURSION = YES;
				CLANG_WARN_INT_CONVERSION = YES;
				CLANG_WARN_NON_LITERAL_NULL_CONVERSION = YES;
				CLANG_WARN_OBJC_IMPLICIT_RETAIN_SELF = YES;
				CLANG_WARN_OBJC_LITERAL_CONVERSION = YES;
				CLANG_WARN_OBJC_ROOT_CLASS = YES_ERROR;
				CLANG_WARN_QUOTED_INCLUDE_IN_FRAMEWORK_HEADER = YES;
				CLANG_WARN_RANGE_LOOP_ANALYSIS = YES;
				CLANG_WARN_STRICT_PROTOTYPES = YES;
				CLANG_WARN_SUSPICIOUS_MOVE = YES;
				CLANG_WARN_UNGUARDED_AVAILABILITY = YES_AGGRESSIVE;
				CLANG_WARN_UNREACHABLE_CODE = YES;
				CLANG_WARN__DUPLICATE_METHOD_MATCH = YES;
				CONFIG_FILE_PATH = "$(SRCROOT)/CustomMoment/Secrets.xcconfig";
				COPY_PHASE_STRIP = NO;
				DEBUG_INFORMATION_FORMAT = dwarf;
				ENABLE_STRICT_OBJC_MSGSEND = YES;
				ENABLE_TESTABILITY = YES;
				GCC_C_LANGUAGE_STANDARD = gnu11;
				GCC_DYNAMIC_NO_PIC = NO;
				GCC_NO_COMMON_BLOCKS = YES;
				GCC_OPTIMIZATION_LEVEL = 0;
				GCC_PREPROCESSOR_DEFINITIONS = (
					"DEBUG=1",
					"$(inherited)",
				);
				GCC_WARN_64_TO_32_BIT_CONVERSION = YES;
				GCC_WARN_ABOUT_RETURN_TYPE = YES_ERROR;
				GCC_WARN_UNDECLARED_SELECTOR = YES;
				GCC_WARN_UNINITIALIZED_AUTOS = YES_AGGRESSIVE;
				GCC_WARN_UNUSED_FUNCTION = YES;
				GCC_WARN_UNUSED_VARIABLE = YES;
				IPHONEOS_DEPLOYMENT_TARGET = 16.2;
				MTL_ENABLE_DEBUG_INFO = INCLUDE_SOURCE;
				MTL_FAST_MATH = YES;
				ONLY_ACTIVE_ARCH = YES;
				OPENAI_API_KEY = "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";
				PAPAGO_API_ID = usOTVLF7ZLwHAGkX5qXV;
				PAPAGO_API_PW = ECmb6wKzg9;
				SDKROOT = iphoneos;
				SWIFT_ACTIVE_COMPILATION_CONDITIONS = DEBUG;
				SWIFT_OPTIMIZATION_LEVEL = "-Onone";
			};
			name = Debug;
		};
		78EBE5C129B600CE00E3B065 /* Release */ = {
			isa = XCBuildConfiguration;
			buildSettings = {
				ALWAYS_SEARCH_USER_PATHS = NO;
				CLANG_ANALYZER_NONNULL = YES;
				CLANG_ANALYZER_NUMBER_OBJECT_CONVERSION = YES_AGGRESSIVE;
				CLANG_CXX_LANGUAGE_STANDARD = "gnu++20";
				CLANG_ENABLE_MODULES = YES;
				CLANG_ENABLE_OBJC_ARC = YES;
				CLANG_ENABLE_OBJC_WEAK = YES;
				CLANG_WARN_BLOCK_CAPTURE_AUTORELEASING = YES;
				CLANG_WARN_BOOL_CONVERSION = YES;
				CLANG_WARN_COMMA = YES;
				CLANG_WARN_CONSTANT_CONVERSION = YES;
				CLANG_WARN_DEPRECATED_OBJC_IMPLEMENTATIONS = YES;
				CLANG_WARN_DIRECT_OBJC_ISA_USAGE = YES_ERROR;
				CLANG_WARN_DOCUMENTATION_COMMENTS = YES;
				CLANG_WARN_EMPTY_BODY = YES;
				CLANG_WARN_ENUM_CONVERSION = YES;
				CLANG_WARN_INFINITE_RECURSION = YES;
				CLANG_WARN_INT_CONVERSION = YES;
				CLANG_WARN_NON_LITERAL_NULL_CONVERSION = YES;
				CLANG_WARN_OBJC_IMPLICIT_RETAIN_SELF = YES;
				CLANG_WARN_OBJC_LITERAL_CONVERSION = YES;
				CLANG_WARN_OBJC_ROOT_CLASS = YES_ERROR;
				CLANG_WARN_QUOTED_INCLUDE_IN_FRAMEWORK_HEADER = YES;
				CLANG_WARN_RANGE_LOOP_ANALYSIS = YES;
				CLANG_WARN_STRICT_PROTOTYPES = YES;
				CLANG_WARN_SUSPICIOUS_MOVE = YES;
				CLANG_WARN_UNGUARDED_AVAILABILITY = YES_AGGRESSIVE;
				CLANG_WARN_UNREACHABLE_CODE = YES;
				CLANG_WARN__DUPLICATE_METHOD_MATCH = YES;
				CONFIG_FILE_PATH = "$(SRCROOT)/CustomMoment/Secrets.xcconfig";
				COPY_PHASE_STRIP = NO;
				DEBUG_INFORMATION_FORMAT = "dwarf-with-dsym";
				ENABLE_NS_ASSERTIONS = NO;
				ENABLE_STRICT_OBJC_MSGSEND = YES;
				GCC_C_LANGUAGE_STANDARD = gnu11;
				GCC_NO_COMMON_BLOCKS = YES;
				GCC_WARN_64_TO_32_BIT_CONVERSION = YES;
				GCC_WARN_ABOUT_RETURN_TYPE = YES_ERROR;
				GCC_WARN_UNDECLARED_SELECTOR = YES;
				GCC_WARN_UNINITIALIZED_AUTOS = YES_AGGRESSIVE;
				GCC_WARN_UNUSED_FUNCTION = YES;
				GCC_WARN_UNUSED_VARIABLE = YES;
				IPHONEOS_DEPLOYMENT_TARGET = 16.2;
				MTL_ENABLE_DEBUG_INFO = NO;
				MTL_FAST_MATH = YES;
				OPENAI_API_KEY = "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";
				PAPAGO_API_ID = usOTVLF7ZLwHAGkX5qXV;
				PAPAGO_API_PW = ECmb6wKzg9;
				SDKROOT = iphoneos;
				SWIFT_COMPILATION_MODE = wholemodule;
				SWIFT_OPTIMIZATION_LEVEL = "-O";
				VALIDATE_PRODUCT = YES;
			};
			name = Release;
		};
		78EBE5C329B600CE00E3B065 /* Debug */ = {
			isa = XCBuildConfiguration;
			baseConfigurationReference = 6190D7770358427396EAC926 /* Pods-CustomMoment.debug.xcconfig */;
			buildSettings = {
				ASSETCATALOG_COMPILER_APPICON_NAME = AppIcon;
				ASSETCATALOG_COMPILER_GLOBAL_ACCENT_COLOR_NAME = AccentColor;
				CODE_SIGN_STYLE = Automatic;
				CURRENT_PROJECT_VERSION = 1;
				DEVELOPMENT_TEAM = 3ZYNC2J93W;
				GENERATE_INFOPLIST_FILE = YES;
				INFOPLIST_FILE = CustomMoment/Info.plist;
				INFOPLIST_KEY_UIApplicationSupportsIndirectInputEvents = YES;
				INFOPLIST_KEY_UILaunchStoryboardName = LaunchScreen;
				INFOPLIST_KEY_UISupportedInterfaceOrientations = UIInterfaceOrientationPortrait;
				INFOPLIST_KEY_UISupportedInterfaceOrientations_iPad = "UIInterfaceOrientationPortrait UIInterfaceOrientationPortraitUpsideDown";
				INFOPLIST_KEY_UIUserInterfaceStyle = Light;
				IPHONEOS_DEPLOYMENT_TARGET = 16.0;
				LD_RUNPATH_SEARCH_PATHS = (
					"$(inherited)",
					"@executable_path/Frameworks",
				);
				MARKETING_VERSION = 1.0;
				PRODUCT_BUNDLE_IDENTIFIER = Br.Brothers.CustomMoment;
				PRODUCT_NAME = "$(TARGET_NAME)";
				SWIFT_EMIT_LOC_STRINGS = YES;
				SWIFT_VERSION = 5.0;
				TARGETED_DEVICE_FAMILY = "1,2";
			};
			name = Debug;
		};
		78EBE5C429B600CE00E3B065 /* Release */ = {
			isa = XCBuildConfiguration;
			baseConfigurationReference = C406A4962EB9F29BD51DBB52 /* Pods-CustomMoment.release.xcconfig */;
			buildSettings = {
				ASSETCATALOG_COMPILER_APPICON_NAME = AppIcon;
				ASSETCATALOG_COMPILER_GLOBAL_ACCENT_COLOR_NAME = AccentColor;
				CODE_SIGN_STYLE = Automatic;
				CURRENT_PROJECT_VERSION = 1;
				DEVELOPMENT_TEAM = 3ZYNC2J93W;
				GENERATE_INFOPLIST_FILE = YES;
				INFOPLIST_FILE = CustomMoment/Info.plist;
				INFOPLIST_KEY_UIApplicationSupportsIndirectInputEvents = YES;
				INFOPLIST_KEY_UILaunchStoryboardName = LaunchScreen;
				INFOPLIST_KEY_UISupportedInterfaceOrientations = UIInterfaceOrientationPortrait;
				INFOPLIST_KEY_UISupportedInterfaceOrientations_iPad = "UIInterfaceOrientationPortrait UIInterfaceOrientationPortraitUpsideDown";
				INFOPLIST_KEY_UIUserInterfaceStyle = Light;
				IPHONEOS_DEPLOYMENT_TARGET = 16.0;
				LD_RUNPATH_SEARCH_PATHS = (
					"$(inherited)",
					"@executable_path/Frameworks",
				);
				MARKETING_VERSION = 1.0;
				PRODUCT_BUNDLE_IDENTIFIER = Br.Brothers.CustomMoment;
				PRODUCT_NAME = "$(TARGET_NAME)";
				SWIFT_EMIT_LOC_STRINGS = YES;
				SWIFT_VERSION = 5.0;
				TARGETED_DEVICE_FAMILY = "1,2";
			};
			name = Release;
		};
		78EBE5C629B600CE00E3B065 /* Debug */ = {
			isa = XCBuildConfiguration;
			baseConfigurationReference = DF05E2CCE205D86F4209BB5E /* Pods-CustomMomentTests.debug.xcconfig */;
			buildSettings = {
				ALWAYS_EMBED_SWIFT_STANDARD_LIBRARIES = YES;
				BUNDLE_LOADER = "$(TEST_HOST)";
				CODE_SIGN_STYLE = Automatic;
				CURRENT_PROJECT_VERSION = 1;
				DEVELOPMENT_TEAM = 3ZYNC2J93W;
				GENERATE_INFOPLIST_FILE = YES;
				IPHONEOS_DEPLOYMENT_TARGET = 16.2;
				MARKETING_VERSION = 1.0;
				PRODUCT_BUNDLE_IDENTIFIER = Br.Brothers.CustomMomentTests;
				PRODUCT_NAME = "$(TARGET_NAME)";
				SWIFT_EMIT_LOC_STRINGS = NO;
				SWIFT_VERSION = 5.0;
				TARGETED_DEVICE_FAMILY = "1,2";
				TEST_HOST = "$(BUILT_PRODUCTS_DIR)/CustomMoment.app/$(BUNDLE_EXECUTABLE_FOLDER_PATH)/CustomMoment";
			};
			name = Debug;
		};
		78EBE5C729B600CE00E3B065 /* Release */ = {
			isa = XCBuildConfiguration;
			baseConfigurationReference = 0B83A24D41965C10EFB9ECF7 /* Pods-CustomMomentTests.release.xcconfig */;
			buildSettings = {
				ALWAYS_EMBED_SWIFT_STANDARD_LIBRARIES = YES;
				BUNDLE_LOADER = "$(TEST_HOST)";
				CODE_SIGN_STYLE = Automatic;
				CURRENT_PROJECT_VERSION = 1;
				DEVELOPMENT_TEAM = 3ZYNC2J93W;
				GENERATE_INFOPLIST_FILE = YES;
				IPHONEOS_DEPLOYMENT_TARGET = 16.2;
				MARKETING_VERSION = 1.0;
				PRODUCT_BUNDLE_IDENTIFIER = Br.Brothers.CustomMomentTests;
				PRODUCT_NAME = "$(TARGET_NAME)";
				SWIFT_EMIT_LOC_STRINGS = NO;
				SWIFT_VERSION = 5.0;
				TARGETED_DEVICE_FAMILY = "1,2";
				TEST_HOST = "$(BUILT_PRODUCTS_DIR)/CustomMoment.app/$(BUNDLE_EXECUTABLE_FOLDER_PATH)/CustomMoment";
			};
			name = Release;
		};
		78EBE5C929B600CE00E3B065 /* Debug */ = {
			isa = XCBuildConfiguration;
			baseConfigurationReference = CA5FB3CDA954EC8CD06A76B3 /* Pods-CustomMoment-CustomMomentUITests.debug.xcconfig */;
			buildSettings = {
				ALWAYS_EMBED_SWIFT_STANDARD_LIBRARIES = YES;
				CODE_SIGN_STYLE = Automatic;
				CURRENT_PROJECT_VERSION = 1;
				DEVELOPMENT_TEAM = 3ZYNC2J93W;
				GENERATE_INFOPLIST_FILE = YES;
				MARKETING_VERSION = 1.0;
				PRODUCT_BUNDLE_IDENTIFIER = Br.Brothers.CustomMomentUITests;
				PRODUCT_NAME = "$(TARGET_NAME)";
				SWIFT_EMIT_LOC_STRINGS = NO;
				SWIFT_VERSION = 5.0;
				TARGETED_DEVICE_FAMILY = "1,2";
				TEST_TARGET_NAME = CustomMoment;
			};
			name = Debug;
		};
		78EBE5CA29B600CE00E3B065 /* Release */ = {
			isa = XCBuildConfiguration;
			baseConfigurationReference = 2EF98C000751DDDC57F7D1C9 /* Pods-CustomMoment-CustomMomentUITests.release.xcconfig */;
			buildSettings = {
				ALWAYS_EMBED_SWIFT_STANDARD_LIBRARIES = YES;
				CODE_SIGN_STYLE = Automatic;
				CURRENT_PROJECT_VERSION = 1;
				DEVELOPMENT_TEAM = 3ZYNC2J93W;
				GENERATE_INFOPLIST_FILE = YES;
				MARKETING_VERSION = 1.0;
				PRODUCT_BUNDLE_IDENTIFIER = Br.Brothers.CustomMomentUITests;
				PRODUCT_NAME = "$(TARGET_NAME)";
				SWIFT_EMIT_LOC_STRINGS = NO;
				SWIFT_VERSION = 5.0;
				TARGETED_DEVICE_FAMILY = "1,2";
				TEST_TARGET_NAME = CustomMoment;
			};
			name = Release;
		};
/* End XCBuildConfiguration section */

/* Begin XCConfigurationList section */
		78EBE59329B600CB00E3B065 /* Build configuration list for PBXProject "CustomMoment" */ = {
			isa = XCConfigurationList;
			buildConfigurations = (
				78EBE5C029B600CE00E3B065 /* Debug */,
				78EBE5C129B600CE00E3B065 /* Release */,
			);
			defaultConfigurationIsVisible = 0;
			defaultConfigurationName = Release;
		};
		78EBE5C229B600CE00E3B065 /* Build configuration list for PBXNativeTarget "CustomMoment" */ = {
			isa = XCConfigurationList;
			buildConfigurations = (
				78EBE5C329B600CE00E3B065 /* Debug */,
				78EBE5C429B600CE00E3B065 /* Release */,
			);
			defaultConfigurationIsVisible = 0;
			defaultConfigurationName = Release;
		};
		78EBE5C529B600CE00E3B065 /* Build configuration list for PBXNativeTarget "CustomMomentTests" */ = {
			isa = XCConfigurationList;
			buildConfigurations = (
				78EBE5C629B600CE00E3B065 /* Debug */,
				78EBE5C729B600CE00E3B065 /* Release */,
			);
			defaultConfigurationIsVisible = 0;
			defaultConfigurationName = Release;
		};
		78EBE5C829B600CE00E3B065 /* Build configuration list for PBXNativeTarget "CustomMomentUITests" */ = {
			isa = XCConfigurationList;
			buildConfigurations = (
				78EBE5C929B600CE00E3B065 /* Debug */,
				78EBE5CA29B600CE00E3B065 /* Release */,
			);
			defaultConfigurationIsVisible = 0;
			defaultConfigurationName = Release;
		};
/* End XCConfigurationList section */

/* Begin XCRemoteSwiftPackageReference section */
		78DFB07E29DF20C4002DC963 /* XCRemoteSwiftPackageReference "OpenAIKit" */ = {
			isa = XCRemoteSwiftPackageReference;
			repositoryURL = "https://github.com/MarcoDotIO/OpenAIKit";
			requirement = {
				kind = upToNextMajorVersion;
				minimumVersion = 1.0.0;
			};
		};
/* End XCRemoteSwiftPackageReference section */

/* Begin XCSwiftPackageProductDependency section */
		78DFB07F29DF20C5002DC963 /* OpenAIKit */ = {
			isa = XCSwiftPackageProductDependency;
			package = 78DFB07E29DF20C4002DC963 /* XCRemoteSwiftPackageReference "OpenAIKit" */;
			productName = OpenAIKit;
		};
/* End XCSwiftPackageProductDependency section */
	};
	rootObject = 78EBE59029B600CB00E3B065 /* Project object */;
}
