// !$*UTF8*$!
{
	archiveVersion = 1;
	classes = {
	};
	objectVersion = 56;
	objects = {

/* Begin PBXBuildFile section */
		1290AA5B7A3C8ABAAB992B40 /* Pods_CustomMomentTests.framework in Frameworks */ = {isa = PBXBuildFile; fileRef = B5EA5C4F534C5BB1A7A5F5D1 /* Pods_CustomMomentTests.framework */; };
		1420610BC3165F36D356AF7A /* Pods_CustomMoment_CustomMomentUITests.framework in Frameworks */ = {isa = PBXBuildFile; fileRef = 8EE6212CE56B56E1F8960AEA /* Pods_CustomMoment_CustomMomentUITests.framework */; };
		7858F8D929CA0EC200E20C92 /* SubCakeCollectionViewCell.swift in Sources */ = {isa = PBXBuildFile; fileRef = 7858F8D829CA0EC200E20C92 /* SubCakeCollectionViewCell.swift */; };
		785BFE0029BA236500CBDB0C /* LoginModel.swift in Sources */ = {isa = PBXBuildFile; fileRef = 785BFDFF29BA236500CBDB0C /* LoginModel.swift */; };
		785CC9B129C43DEF0034BD30 /* MyHeaderView.swift in Sources */ = {isa = PBXBuildFile; fileRef = 785CC9B029C43DEF0034BD30 /* MyHeaderView.swift */; };
		7862AB3C29C81BFC00E501C9 /* CakeViewController.swift in Sources */ = {isa = PBXBuildFile; fileRef = 7862AB3B29C81BFC00E501C9 /* CakeViewController.swift */; };
		7862AB3F29C824D400E501C9 /* UIViewExtension.swift in Sources */ = {isa = PBXBuildFile; fileRef = 7862AB3E29C824D400E501C9 /* UIViewExtension.swift */; };
		7862AB4129C8262800E501C9 /* MainCakeCollectionViewCell.swift in Sources */ = {isa = PBXBuildFile; fileRef = 7862AB4029C8262800E501C9 /* MainCakeCollectionViewCell.swift */; };
		786509B829C193A000B7C7F3 /* BannerCollectionViewCell.swift in Sources */ = {isa = PBXBuildFile; fileRef = 786509B729C193A000B7C7F3 /* BannerCollectionViewCell.swift */; };
		78EBE59C29B600CB00E3B065 /* AppDelegate.swift in Sources */ = {isa = PBXBuildFile; fileRef = 78EBE59B29B600CB00E3B065 /* AppDelegate.swift */; };
		78EBE59E29B600CB00E3B065 /* SceneDelegate.swift in Sources */ = {isa = PBXBuildFile; fileRef = 78EBE59D29B600CB00E3B065 /* SceneDelegate.swift */; };
		78EBE5A529B600CE00E3B065 /* Assets.xcassets in Resources */ = {isa = PBXBuildFile; fileRef = 78EBE5A429B600CE00E3B065 /* Assets.xcassets */; };
		78EBE5A829B600CE00E3B065 /* LaunchScreen.storyboard in Resources */ = {isa = PBXBuildFile; fileRef = 78EBE5A629B600CE00E3B065 /* LaunchScreen.storyboard */; };
		78EBE5B329B600CE00E3B065 /* CustomMomentTests.swift in Sources */ = {isa = PBXBuildFile; fileRef = 78EBE5B229B600CE00E3B065 /* CustomMomentTests.swift */; };
		78EBE5BD29B600CE00E3B065 /* CustomMomentUITests.swift in Sources */ = {isa = PBXBuildFile; fileRef = 78EBE5BC29B600CE00E3B065 /* CustomMomentUITests.swift */; };
		78EBE5BF29B600CE00E3B065 /* CustomMomentUITestsLaunchTests.swift in Sources */ = {isa = PBXBuildFile; fileRef = 78EBE5BE29B600CE00E3B065 /* CustomMomentUITestsLaunchTests.swift */; };
		78EBE5CC29B613E400E3B065 /* HomeViewController.swift in Sources */ = {isa = PBXBuildFile; fileRef = 78EBE5CB29B613E400E3B065 /* HomeViewController.swift */; };
		78EBE5CE29B620B900E3B065 /* LoginViewController.swift in Sources */ = {isa = PBXBuildFile; fileRef = 78EBE5CD29B620B900E3B065 /* LoginViewController.swift */; };
		78EBE5D029B7012F00E3B065 /* SignUpViewController.swift in Sources */ = {isa = PBXBuildFile; fileRef = 78EBE5CF29B7012F00E3B065 /* SignUpViewController.swift */; };
		78FD435A29CCBCB6006ED4F8 /* OptionViewController.swift in Sources */ = {isa = PBXBuildFile; fileRef = 78FD435929CCBCB6006ED4F8 /* OptionViewController.swift */; };
		BF915787BD7391E86CBE79E7 /* Pods_CustomMoment.framework in Frameworks */ = {isa = PBXBuildFile; fileRef = 82991A5AC183263865885DC6 /* Pods_CustomMoment.framework */; };
/* End PBXBuildFile section */

/* Begin PBXContainerItemProxy section */
		78EBE5AF29B600CE00E3B065 /* PBXContainerItemProxy */ = {
			isa = PBXContainerItemProxy;
			containerPortal = 78EBE59029B600CB00E3B065 /* Project object */;
			proxyType = 1;
			remoteGlobalIDString = 78EBE59729B600CB00E3B065;
			remoteInfo = CustomMoment;
		};
		78EBE5B929B600CE00E3B065 /* PBXContainerItemProxy */ = {
			isa = PBXContainerItemProxy;
			containerPortal = 78EBE59029B600CB00E3B065 /* Project object */;
			proxyType = 1;
			remoteGlobalIDString = 78EBE59729B600CB00E3B065;
			remoteInfo = CustomMoment;
		};
/* End PBXContainerItemProxy section */

/* Begin PBXFileReference section */
		0B83A24D41965C10EFB9ECF7 /* Pods-CustomMomentTests.release.xcconfig */ = {isa = PBXFileReference; includeInIndex = 1; lastKnownFileType = text.xcconfig; name = "Pods-CustomMomentTests.release.xcconfig"; path = "Target Support Files/Pods-CustomMomentTests/Pods-CustomMomentTests.release.xcconfig"; sourceTree = "<group>"; };
		2EF98C000751DDDC57F7D1C9 /* Pods-CustomMoment-CustomMomentUITests.release.xcconfig */ = {isa = PBXFileReference; includeInIndex = 1; lastKnownFileType = text.xcconfig; name = "Pods-CustomMoment-CustomMomentUITests.release.xcconfig"; path = "Target Support Files/Pods-CustomMoment-CustomMomentUITests/Pods-CustomMoment-CustomMomentUITests.release.xcconfig"; sourceTree = "<group>"; };
		6190D7770358427396EAC926 /* Pods-CustomMoment.debug.xcconfig */ = {isa = PBXFileReference; includeInIndex = 1; lastKnownFileType = text.xcconfig; name = "Pods-CustomMoment.debug.xcconfig"; path = "Target Support Files/Pods-CustomMoment/Pods-CustomMoment.debug.xcconfig"; sourceTree = "<group>"; };
		7858F8D829CA0EC200E20C92 /* SubCakeCollectionViewCell.swift */ = {isa = PBXFileReference; lastKnownFileType = sourcecode.swift; path = SubCakeCollectionViewCell.swift; sourceTree = "<group>"; };
		785BFDFF29BA236500CBDB0C /* LoginModel.swift */ = {isa = PBXFileReference; lastKnownFileType = sourcecode.swift; path = LoginModel.swift; sourceTree = "<group>"; };
		785CC9B029C43DEF0034BD30 /* MyHeaderView.swift */ = {isa = PBXFileReference; lastKnownFileType = sourcecode.swift; path = MyHeaderView.swift; sourceTree = "<group>"; };
		7862AB3B29C81BFC00E501C9 /* CakeViewController.swift */ = {isa = PBXFileReference; lastKnownFileType = sourcecode.swift; path = CakeViewController.swift; sourceTree = "<group>"; };
		7862AB3E29C824D400E501C9 /* UIViewExtension.swift */ = {isa = PBXFileReference; lastKnownFileType = sourcecode.swift; path = UIViewExtension.swift; sourceTree = "<group>"; };
		7862AB4029C8262800E501C9 /* MainCakeCollectionViewCell.swift */ = {isa = PBXFileReference; lastKnownFileType = sourcecode.swift; path = MainCakeCollectionViewCell.swift; sourceTree = "<group>"; };
		786509B729C193A000B7C7F3 /* BannerCollectionViewCell.swift */ = {isa = PBXFileReference; lastKnownFileType = sourcecode.swift; path = BannerCollectionViewCell.swift; sourceTree = "<group>"; };
		78EBE59829B600CB00E3B065 /* CustomMoment.app */ = {isa = PBXFileReference; explicitFileType = wrapper.application; includeInIndex = 0; path = CustomMoment.app; sourceTree = BUILT_PRODUCTS_DIR; };
		78EBE59B29B600CB00E3B065 /* AppDelegate.swift */ = {isa = PBXFileReference; lastKnownFileType = sourcecode.swift; path = AppDelegate.swift; sourceTree = "<group>"; };
		78EBE59D29B600CB00E3B065 /* SceneDelegate.swift */ = {isa = PBXFileReference; lastKnownFileType = sourcecode.swift; path = SceneDelegate.swift; sourceTree = "<group>"; };
		78EBE5A429B600CE00E3B065 /* Assets.xcassets */ = {isa = PBXFileReference; lastKnownFileType = folder.assetcatalog; path = Assets.xcassets; sourceTree = "<group>"; };
		78EBE5A729B600CE00E3B065 /* Base */ = {isa = PBXFileReference; lastKnownFileType = file.storyboard; name = Base; path = Base.lproj/LaunchScreen.storyboard; sourceTree = "<group>"; };
		78EBE5A929B600CE00E3B065 /* Info.plist */ = {isa = PBXFileReference; lastKnownFileType = text.plist.xml; path = Info.plist; sourceTree = "<group>"; };
		78EBE5AE29B600CE00E3B065 /* CustomMomentTests.xctest */ = {isa = PBXFileReference; explicitFileType = wrapper.cfbundle; includeInIndex = 0; path = CustomMomentTests.xctest; sourceTree = BUILT_PRODUCTS_DIR; };
		78EBE5B229B600CE00E3B065 /* CustomMomentTests.swift */ = {isa = PBXFileReference; lastKnownFileType = sourcecode.swift; path = CustomMomentTests.swift; sourceTree = "<group>"; };
		78EBE5B829B600CE00E3B065 /* CustomMomentUITests.xctest */ = {isa = PBXFileReference; explicitFileType = wrapper.cfbundle; includeInIndex = 0; path = CustomMomentUITests.xctest; sourceTree = BUILT_PRODUCTS_DIR; };
		78EBE5BC29B600CE00E3B065 /* CustomMomentUITests.swift */ = {isa = PBXFileReference; lastKnownFileType = sourcecode.swift; path = CustomMomentUITests.swift; sourceTree = "<group>"; };
		78EBE5BE29B600CE00E3B065 /* CustomMomentUITestsLaunchTests.swift */ = {isa = PBXFileReference; lastKnownFileType = sourcecode.swift; path = CustomMomentUITestsLaunchTests.swift; sourceTree = "<group>"; };
		78EBE5CB29B613E400E3B065 /* HomeViewController.swift */ = {isa = PBXFileReference; lastKnownFileType = sourcecode.swift; path = HomeViewController.swift; sourceTree = "<group>"; };
		78EBE5CD29B620B900E3B065 /* LoginViewController.swift */ = {isa = PBXFileReference; lastKnownFileType = sourcecode.swift; path = LoginViewController.swift; sourceTree = "<group>"; };
		78EBE5CF29B7012F00E3B065 /* SignUpViewController.swift */ = {isa = PBXFileReference; lastKnownFileType = sourcecode.swift; path = SignUpViewController.swift; sourceTree = "<group>"; };
		78FD435929CCBCB6006ED4F8 /* OptionViewController.swift */ = {isa = PBXFileReference; lastKnownFileType = sourcecode.swift; path = OptionViewController.swift; sourceTree = "<group>"; };
		82991A5AC183263865885DC6 /* Pods_CustomMoment.framework */ = {isa = PBXFileReference; explicitFileType = wrapper.framework; includeInIndex = 0; path = Pods_CustomMoment.framework; sourceTree = BUILT_PRODUCTS_DIR; };
		8EE6212CE56B56E1F8960AEA /* Pods_CustomMoment_CustomMomentUITests.framework */ = {isa = PBXFileReference; explicitFileType = wrapper.framework; includeInIndex = 0; path = Pods_CustomMoment_CustomMomentUITests.framework; sourceTree = BUILT_PRODUCTS_DIR; };
		B5EA5C4F534C5BB1A7A5F5D1 /* Pods_CustomMomentTests.framework */ = {isa = PBXFileReference; explicitFileType = wrapper.framework; includeInIndex = 0; path = Pods_CustomMomentTests.framework; sourceTree = BUILT_PRODUCTS_DIR; };
		C406A4962EB9F29BD51DBB52 /* Pods-CustomMoment.release.xcconfig */ = {isa = PBXFileReference; includeInIndex = 1; lastKnownFileType = text.xcconfig; name = "Pods-CustomMoment.release.xcconfig"; path = "Target Support Files/Pods-CustomMoment/Pods-CustomMoment.release.xcconfig"; sourceTree = "<group>"; };
		CA5FB3CDA954EC8CD06A76B3 /* Pods-CustomMoment-CustomMomentUITests.debug.xcconfig */ = {isa = PBXFileReference; includeInIndex = 1; lastKnownFileType = text.xcconfig; name = "Pods-CustomMoment-CustomMomentUITests.debug.xcconfig"; path = "Target Support Files/Pods-CustomMoment-CustomMomentUITests/Pods-CustomMoment-CustomMomentUITests.debug.xcconfig"; sourceTree = "<group>"; };
		DF05E2CCE205D86F4209BB5E /* Pods-CustomMomentTests.debug.xcconfig */ = {isa = PBXFileReference; includeInIndex = 1; lastKnownFileType = text.xcconfig; name = "Pods-CustomMomentTests.debug.xcconfig"; path = "Target Support Files/Pods-CustomMomentTests/Pods-CustomMomentTests.debug.xcconfig"; sourceTree = "<group>"; };
/* End PBXFileReference section */

/* Begin PBXFrameworksBuildPhase section */
		78EBE59529B600CB00E3B065 /* Frameworks */ = {
			isa = PBXFrameworksBuildPhase;
			buildActionMask = 2147483647;
			files = (
				BF915787BD7391E86CBE79E7 /* Pods_CustomMoment.framework in Frameworks */,
			);
			runOnlyForDeploymentPostprocessing = 0;
		};
		78EBE5AB29B600CE00E3B065 /* Frameworks */ = {
			isa = PBXFrameworksBuildPhase;
			buildActionMask = 2147483647;
			files = (
				1290AA5B7A3C8ABAAB992B40 /* Pods_CustomMomentTests.framework in Frameworks */,
			);
			runOnlyForDeploymentPostprocessing = 0;
		};
		78EBE5B529B600CE00E3B065 /* Frameworks */ = {
			isa = PBXFrameworksBuildPhase;
			buildActionMask = 2147483647;
			files = (
				1420610BC3165F36D356AF7A /* Pods_CustomMoment_CustomMomentUITests.framework in Frameworks */,
			);
			runOnlyForDeploymentPostprocessing = 0;
		};
/* End PBXFrameworksBuildPhase section */

/* Begin PBXGroup section */
		785BFDFD29BA1EF600CBDB0C /* Main */ = {
			isa = PBXGroup;
			children = (
				78EBE5CB29B613E400E3B065 /* HomeViewController.swift */,
				785CC9B029C43DEF0034BD30 /* MyHeaderView.swift */,
				786509B729C193A000B7C7F3 /* BannerCollectionViewCell.swift */,
				7862AB4029C8262800E501C9 /* MainCakeCollectionViewCell.swift */,
			);
			path = Main;
			sourceTree = "<group>";
		};
		785BFDFE29BA1F0700CBDB0C /* Account */ = {
			isa = PBXGroup;
			children = (
				78EBE5CF29B7012F00E3B065 /* SignUpViewController.swift */,
				78EBE5CD29B620B900E3B065 /* LoginViewController.swift */,
				785BFDFF29BA236500CBDB0C /* LoginModel.swift */,
			);
			path = Account;
			sourceTree = "<group>";
		};
		7862AB3829C7DDC200E501C9 /* Cake */ = {
			isa = PBXGroup;
			children = (
				7862AB3B29C81BFC00E501C9 /* CakeViewController.swift */,
				7858F8D829CA0EC200E20C92 /* SubCakeCollectionViewCell.swift */,
			);
			path = Cake;
			sourceTree = "<group>";
		};
		7862AB3D29C824A400E501C9 /* Extension */ = {
			isa = PBXGroup;
			children = (
				7862AB3E29C824D400E501C9 /* UIViewExtension.swift */,
			);
			path = Extension;
			sourceTree = "<group>";
		};
		78EBE58F29B600CB00E3B065 = {
			isa = PBXGroup;
			children = (
				78EBE59A29B600CB00E3B065 /* CustomMoment */,
				78EBE5B129B600CE00E3B065 /* CustomMomentTests */,
				78EBE5BB29B600CE00E3B065 /* CustomMomentUITests */,
				78EBE59929B600CB00E3B065 /* Products */,
				9EAB459D4A940672F2C63031 /* Pods */,
				8A9EEF3753E5B5BA09C621F4 /* Frameworks */,
			);
			sourceTree = "<group>";
		};
		78EBE59929B600CB00E3B065 /* Products */ = {
			isa = PBXGroup;
			children = (
				78EBE59829B600CB00E3B065 /* CustomMoment.app */,
				78EBE5AE29B600CE00E3B065 /* CustomMomentTests.xctest */,
				78EBE5B829B600CE00E3B065 /* CustomMomentUITests.xctest */,
			);
			name = Products;
			sourceTree = "<group>";
		};
		78EBE59A29B600CB00E3B065 /* CustomMoment */ = {
			isa = PBXGroup;
			children = (
				7862AB3D29C824A400E501C9 /* Extension */,
				78FD435829CCBC99006ED4F8 /* Option */,
				7862AB3829C7DDC200E501C9 /* Cake */,
				785BFDFE29BA1F0700CBDB0C /* Account */,
				785BFDFD29BA1EF600CBDB0C /* Main */,
				78EBE5A429B600CE00E3B065 /* Assets.xcassets */,
				78EBE5A629B600CE00E3B065 /* LaunchScreen.storyboard */,
				78EBE59D29B600CB00E3B065 /* SceneDelegate.swift */,
				78EBE59B29B600CB00E3B065 /* AppDelegate.swift */,
				78EBE5A929B600CE00E3B065 /* Info.plist */,
			);
			path = CustomMoment;
			sourceTree = "<group>";
		};
		78EBE5B129B600CE00E3B065 /* CustomMomentTests */ = {
			isa = PBXGroup;
			children = (
				78EBE5B229B600CE00E3B065 /* CustomMomentTests.swift */,
			);
			path = CustomMomentTests;
			sourceTree = "<group>";
		};
		78EBE5BB29B600CE00E3B065 /* CustomMomentUITests */ = {
			isa = PBXGroup;
			children = (
				78EBE5BC29B600CE00E3B065 /* CustomMomentUITests.swift */,
				78EBE5BE29B600CE00E3B065 /* CustomMomentUITestsLaunchTests.swift */,
			);
			path = CustomMomentUITests;
			sourceTree = "<group>";
		};
		78FD435829CCBC99006ED4F8 /* Option */ = {
			isa = PBXGroup;
			children = (
				78FD435929CCBCB6006ED4F8 /* OptionViewController.swift */,
			);
			path = Option;
			sourceTree = "<group>";
		};
		8A9EEF3753E5B5BA09C621F4 /* Frameworks */ = {
			isa = PBXGroup;
			children = (
				82991A5AC183263865885DC6 /* Pods_CustomMoment.framework */,
				8EE6212CE56B56E1F8960AEA /* Pods_CustomMoment_CustomMomentUITests.framework */,
				B5EA5C4F534C5BB1A7A5F5D1 /* Pods_CustomMomentTests.framework */,
			);
			name = Frameworks;
			sourceTree = "<group>";
		};
		9EAB459D4A940672F2C63031 /* Pods */ = {
			isa = PBXGroup;
			children = (
				6190D7770358427396EAC926 /* Pods-CustomMoment.debug.xcconfig */,
				C406A4962EB9F29BD51DBB52 /* Pods-CustomMoment.release.xcconfig */,
				CA5FB3CDA954EC8CD06A76B3 /* Pods-CustomMoment-CustomMomentUITests.debug.xcconfig */,
				2EF98C000751DDDC57F7D1C9 /* Pods-CustomMoment-CustomMomentUITests.release.xcconfig */,
				DF05E2CCE205D86F4209BB5E /* Pods-CustomMomentTests.debug.xcconfig */,
				0B83A24D41965C10EFB9ECF7 /* Pods-CustomMomentTests.release.xcconfig */,
			);
			path = Pods;
			sourceTree = "<group>";
		};
/* End PBXGroup section */

/* Begin PBXNativeTarget section */
		78EBE59729B600CB00E3B065 /* CustomMoment */ = {
			isa = PBXNativeTarget;
			buildConfigurationList = 78EBE5C229B600CE00E3B065 /* Build configuration list for PBXNativeTarget "CustomMoment" */;
			buildPhases = (
				84B44859E2477FCB50379710 /* [CP] Check Pods Manifest.lock */,
				78EBE59429B600CB00E3B065 /* Sources */,
				78EBE59529B600CB00E3B065 /* Frameworks */,
				78EBE59629B600CB00E3B065 /* Resources */,
				5EA12419EED3F21FB1075160 /* [CP] Embed Pods Frameworks */,
			);
			buildRules = (
			);
			dependencies = (
			);
			name = CustomMoment;
			productName = CustomMoment;
			productReference = 78EBE59829B600CB00E3B065 /* CustomMoment.app */;
			productType = "com.apple.product-type.application";
		};
		78EBE5AD29B600CE00E3B065 /* CustomMomentTests */ = {
			isa = PBXNativeTarget;
			buildConfigurationList = 78EBE5C529B600CE00E3B065 /* Build configuration list for PBXNativeTarget "CustomMomentTests" */;
			buildPhases = (
				9730D66E654B7E7E1B5F3D90 /* [CP] Check Pods Manifest.lock */,
				78EBE5AA29B600CE00E3B065 /* Sources */,
				78EBE5AB29B600CE00E3B065 /* Frameworks */,
				78EBE5AC29B600CE00E3B065 /* Resources */,
			);
			buildRules = (
			);
			dependencies = (
				78EBE5B029B600CE00E3B065 /* PBXTargetDependency */,
			);
			name = CustomMomentTests;
			productName = CustomMomentTests;
			productReference = 78EBE5AE29B600CE00E3B065 /* CustomMomentTests.xctest */;
			productType = "com.apple.product-type.bundle.unit-test";
		};
		78EBE5B729B600CE00E3B065 /* CustomMomentUITests */ = {
			isa = PBXNativeTarget;
			buildConfigurationList = 78EBE5C829B600CE00E3B065 /* Build configuration list for PBXNativeTarget "CustomMomentUITests" */;
			buildPhases = (
				6F255FED5F6FA23D0831775F /* [CP] Check Pods Manifest.lock */,
				78EBE5B429B600CE00E3B065 /* Sources */,
				78EBE5B529B600CE00E3B065 /* Frameworks */,
				78EBE5B629B600CE00E3B065 /* Resources */,
				D4BA4DA53587E31EDB150E58 /* [CP] Embed Pods Frameworks */,
			);
			buildRules = (
			);
			dependencies = (
				78EBE5BA29B600CE00E3B065 /* PBXTargetDependency */,
			);
			name = CustomMomentUITests;
			productName = CustomMomentUITests;
			productReference = 78EBE5B829B600CE00E3B065 /* CustomMomentUITests.xctest */;
			productType = "com.apple.product-type.bundle.ui-testing";
		};
/* End PBXNativeTarget section */

/* Begin PBXProject section */
		78EBE59029B600CB00E3B065 /* Project object */ = {
			isa = PBXProject;
			attributes = {
				BuildIndependentTargetsInParallel = 1;
				LastSwiftUpdateCheck = 1420;
				LastUpgradeCheck = 1420;
				TargetAttributes = {
					78EBE59729B600CB00E3B065 = {
						CreatedOnToolsVersion = 14.2;
					};
					78EBE5AD29B600CE00E3B065 = {
						CreatedOnToolsVersion = 14.2;
						TestTargetID = 78EBE59729B600CB00E3B065;
					};
					78EBE5B729B600CE00E3B065 = {
						CreatedOnToolsVersion = 14.2;
						TestTargetID = 78EBE59729B600CB00E3B065;
					};
				};
			};
			buildConfigurationList = 78EBE59329B600CB00E3B065 /* Build configuration list for PBXProject "CustomMoment" */;
			compatibilityVersion = "Xcode 14.0";
			developmentRegion = en;
			hasScannedForEncodings = 0;
			knownRegions = (
				en,
				Base,
			);
			mainGroup = 78EBE58F29B600CB00E3B065;
			productRefGroup = 78EBE59929B600CB00E3B065 /* Products */;
			projectDirPath = "";
			projectRoot = "";
			targets = (
				78EBE59729B600CB00E3B065 /* CustomMoment */,
				78EBE5AD29B600CE00E3B065 /* CustomMomentTests */,
				78EBE5B729B600CE00E3B065 /* CustomMomentUITests */,
			);
		};
/* End PBXProject section */

/* Begin PBXResourcesBuildPhase section */
		78EBE59629B600CB00E3B065 /* Resources */ = {
			isa = PBXResourcesBuildPhase;
			buildActionMask = 2147483647;
			files = (
				78EBE5A829B600CE00E3B065 /* LaunchScreen.storyboard in Resources */,
				78EBE5A529B600CE00E3B065 /* Assets.xcassets in Resources */,
			);
			runOnlyForDeploymentPostprocessing = 0;
		};
		78EBE5AC29B600CE00E3B065 /* Resources */ = {
			isa = PBXResourcesBuildPhase;
			buildActionMask = 2147483647;
			files = (
			);
			runOnlyForDeploymentPostprocessing = 0;
		};
		78EBE5B629B600CE00E3B065 /* Resources */ = {
			isa = PBXResourcesBuildPhase;
			buildActionMask = 2147483647;
			files = (
			);
			runOnlyForDeploymentPostprocessing = 0;
		};
/* End PBXResourcesBuildPhase section */

/* Begin PBXShellScriptBuildPhase section */
		5EA12419EED3F21FB1075160 /* [CP] Embed Pods Frameworks */ = {
			isa = PBXShellScriptBuildPhase;
			buildActionMask = 2147483647;
			files = (
			);
			inputFileListPaths = (
				"${PODS_ROOT}/Target Support Files/Pods-CustomMoment/Pods-CustomMoment-frameworks-${CONFIGURATION}-input-files.xcfilelist",
			);
			name = "[CP] Embed Pods Frameworks";
			outputFileListPaths = (
				"${PODS_ROOT}/Target Support Files/Pods-CustomMoment/Pods-CustomMoment-frameworks-${CONFIGURATION}-output-files.xcfilelist",
			);
			runOnlyForDeploymentPostprocessing = 0;
			shellPath = /bin/sh;
			shellScript = "\"${PODS_ROOT}/Target Support Files/Pods-CustomMoment/Pods-CustomMoment-frameworks.sh\"\n";
			showEnvVarsInLog = 0;
		};
		6F255FED5F6FA23D0831775F /* [CP] Check Pods Manifest.lock */ = {
			isa = PBXShellScriptBuildPhase;
			buildActionMask = 2147483647;
			files = (
			);
			inputFileListPaths = (
			);
			inputPaths = (
				"${PODS_PODFILE_DIR_PATH}/Podfile.lock",
				"${PODS_ROOT}/Manifest.lock",
			);
			name = "[CP] Check Pods Manifest.lock";
			outputFileListPaths = (
			);
			outputPaths = (
				"$(DERIVED_FILE_DIR)/Pods-CustomMoment-CustomMomentUITests-checkManifestLockResult.txt",
			);
			runOnlyForDeploymentPostprocessing = 0;
			shellPath = /bin/sh;
			shellScript = "diff \"${PODS_PODFILE_DIR_PATH}/Podfile.lock\" \"${PODS_ROOT}/Manifest.lock\" > /dev/null\nif [ $? != 0 ] ; then\n    # print error to STDERR\n    echo \"error: The sandbox is not in sync with the Podfile.lock. Run 'pod install' or update your CocoaPods installation.\" >&2\n    exit 1\nfi\n# This output is used by Xcode 'outputs' to avoid re-running this script phase.\necho \"SUCCESS\" > \"${SCRIPT_OUTPUT_FILE_0}\"\n";
			showEnvVarsInLog = 0;
		};
		84B44859E2477FCB50379710 /* [CP] Check Pods Manifest.lock */ = {
			isa = PBXShellScriptBuildPhase;
			buildActionMask = 2147483647;
			files = (
			);
			inputFileListPaths = (
			);
			inputPaths = (
				"${PODS_PODFILE_DIR_PATH}/Podfile.lock",
				"${PODS_ROOT}/Manifest.lock",
			);
			name = "[CP] Check Pods Manifest.lock";
			outputFileListPaths = (
			);
			outputPaths = (
				"$(DERIVED_FILE_DIR)/Pods-CustomMoment-checkManifestLockResult.txt",
			);
			runOnlyForDeploymentPostprocessing = 0;
			shellPath = /bin/sh;
			shellScript = "diff \"${PODS_PODFILE_DIR_PATH}/Podfile.lock\" \"${PODS_ROOT}/Manifest.lock\" > /dev/null\nif [ $? != 0 ] ; then\n    # print error to STDERR\n    echo \"error: The sandbox is not in sync with the Podfile.lock. Run 'pod install' or update your CocoaPods installation.\" >&2\n    exit 1\nfi\n# This output is used by Xcode 'outputs' to avoid re-running this script phase.\necho \"SUCCESS\" > \"${SCRIPT_OUTPUT_FILE_0}\"\n";
			showEnvVarsInLog = 0;
		};
		9730D66E654B7E7E1B5F3D90 /* [CP] Check Pods Manifest.lock */ = {
			isa = PBXShellScriptBuildPhase;
			buildActionMask = 2147483647;
			files = (
			);
			inputFileListPaths = (
			);
			inputPaths = (
				"${PODS_PODFILE_DIR_PATH}/Podfile.lock",
				"${PODS_ROOT}/Manifest.lock",
			);
			name = "[CP] Check Pods Manifest.lock";
			outputFileListPaths = (
			);
			outputPaths = (
				"$(DERIVED_FILE_DIR)/Pods-CustomMomentTests-checkManifestLockResult.txt",
			);
			runOnlyForDeploymentPostprocessing = 0;
			shellPath = /bin/sh;
			shellScript = "diff \"${PODS_PODFILE_DIR_PATH}/Podfile.lock\" \"${PODS_ROOT}/Manifest.lock\" > /dev/null\nif [ $? != 0 ] ; then\n    # print error to STDERR\n    echo \"error: The sandbox is not in sync with the Podfile.lock. Run 'pod install' or update your CocoaPods installation.\" >&2\n    exit 1\nfi\n# This output is used by Xcode 'outputs' to avoid re-running this script phase.\necho \"SUCCESS\" > \"${SCRIPT_OUTPUT_FILE_0}\"\n";
			showEnvVarsInLog = 0;
		};
		D4BA4DA53587E31EDB150E58 /* [CP] Embed Pods Frameworks */ = {
			isa = PBXShellScriptBuildPhase;
			buildActionMask = 2147483647;
			files = (
			);
			inputFileListPaths = (
				"${PODS_ROOT}/Target Support Files/Pods-CustomMoment-CustomMomentUITests/Pods-CustomMoment-CustomMomentUITests-frameworks-${CONFIGURATION}-input-files.xcfilelist",
			);
			name = "[CP] Embed Pods Frameworks";
			outputFileListPaths = (
				"${PODS_ROOT}/Target Support Files/Pods-CustomMoment-CustomMomentUITests/Pods-CustomMoment-CustomMomentUITests-frameworks-${CONFIGURATION}-output-files.xcfilelist",
			);
			runOnlyForDeploymentPostprocessing = 0;
			shellPath = /bin/sh;
			shellScript = "\"${PODS_ROOT}/Target Support Files/Pods-CustomMoment-CustomMomentUITests/Pods-CustomMoment-CustomMomentUITests-frameworks.sh\"\n";
			showEnvVarsInLog = 0;
		};
/* End PBXShellScriptBuildPhase section */

/* Begin PBXSourcesBuildPhase section */
		78EBE59429B600CB00E3B065 /* Sources */ = {
			isa = PBXSourcesBuildPhase;
			buildActionMask = 2147483647;
			files = (
				7862AB3F29C824D400E501C9 /* UIViewExtension.swift in Sources */,
				786509B829C193A000B7C7F3 /* BannerCollectionViewCell.swift in Sources */,
				78EBE5CE29B620B900E3B065 /* LoginViewController.swift in Sources */,
				7862AB3C29C81BFC00E501C9 /* CakeViewController.swift in Sources */,
				78EBE59C29B600CB00E3B065 /* AppDelegate.swift in Sources */,
				785BFE0029BA236500CBDB0C /* LoginModel.swift in Sources */,
				7862AB4129C8262800E501C9 /* MainCakeCollectionViewCell.swift in Sources */,
				785CC9B129C43DEF0034BD30 /* MyHeaderView.swift in Sources */,
				78EBE59E29B600CB00E3B065 /* SceneDelegate.swift in Sources */,
				78EBE5CC29B613E400E3B065 /* HomeViewController.swift in Sources */,
				78EBE5D029B7012F00E3B065 /* SignUpViewController.swift in Sources */,
				78FD435A29CCBCB6006ED4F8 /* OptionViewController.swift in Sources */,
				7858F8D929CA0EC200E20C92 /* SubCakeCollectionViewCell.swift in Sources */,
			);
			runOnlyForDeploymentPostprocessing = 0;
		};
		78EBE5AA29B600CE00E3B065 /* Sources */ = {
			isa = PBXSourcesBuildPhase;
			buildActionMask = 2147483647;
			files = (
				78EBE5B329B600CE00E3B065 /* CustomMomentTests.swift in Sources */,
			);
			runOnlyForDeploymentPostprocessing = 0;
		};
		78EBE5B429B600CE00E3B065 /* Sources */ = {
			isa = PBXSourcesBuildPhase;
			buildActionMask = 2147483647;
			files = (
				78EBE5BD29B600CE00E3B065 /* CustomMomentUITests.swift in Sources */,
				78EBE5BF29B600CE00E3B065 /* CustomMomentUITestsLaunchTests.swift in Sources */,
			);
			runOnlyForDeploymentPostprocessing = 0;
		};
/* End PBXSourcesBuildPhase section */

/* Begin PBXTargetDependency section */
		78EBE5B029B600CE00E3B065 /* PBXTargetDependency */ = {
			isa = PBXTargetDependency;
			target = 78EBE59729B600CB00E3B065 /* CustomMoment */;
			targetProxy = 78EBE5AF29B600CE00E3B065 /* PBXContainerItemProxy */;
		};
		78EBE5BA29B600CE00E3B065 /* PBXTargetDependency */ = {
			isa = PBXTargetDependency;
			target = 78EBE59729B600CB00E3B065 /* CustomMoment */;
			targetProxy = 78EBE5B929B600CE00E3B065 /* PBXContainerItemProxy */;
		};
/* End PBXTargetDependency section */

/* Begin PBXVariantGroup section */
		78EBE5A629B600CE00E3B065 /* LaunchScreen.storyboard */ = {
			isa = PBXVariantGroup;
			children = (
				78EBE5A729B600CE00E3B065 /* Base */,
			);
			name = LaunchScreen.storyboard;
			sourceTree = "<group>";
		};
/* End PBXVariantGroup section */

/* Begin XCBuildConfiguration section */
		78EBE5C029B600CE00E3B065 /* Debug */ = {
			isa = XCBuildConfiguration;
			buildSettings = {
				ALWAYS_SEARCH_USER_PATHS = NO;
				CLANG_ANALYZER_NONNULL = YES;
				CLANG_ANALYZER_NUMBER_OBJECT_CONVERSION = YES_AGGRESSIVE;
				CLANG_CXX_LANGUAGE_STANDARD = "gnu++20";
				CLANG_ENABLE_MODULES = YES;
				CLANG_ENABLE_OBJC_ARC = YES;
				CLANG_ENABLE_OBJC_WEAK = YES;
				CLANG_WARN_BLOCK_CAPTURE_AUTORELEASING = YES;
				CLANG_WARN_BOOL_CONVERSION = YES;
				CLANG_WARN_COMMA = YES;
				CLANG_WARN_CONSTANT_CONVERSION = YES;
				CLANG_WARN_DEPRECATED_OBJC_IMPLEMENTATIONS = YES;
				CLANG_WARN_DIRECT_OBJC_ISA_USAGE = YES_ERROR;
				CLANG_WARN_DOCUMENTATION_COMMENTS = YES;
				CLANG_WARN_EMPTY_BODY = YES;
				CLANG_WARN_ENUM_CONVERSION = YES;
				CLANG_WARN_INFINITE_RECURSION = YES;
				CLANG_WARN_INT_CONVERSION = YES;
				CLANG_WARN_NON_LITERAL_NULL_CONVERSION = YES;
				CLANG_WARN_OBJC_IMPLICIT_RETAIN_SELF = YES;
				CLANG_WARN_OBJC_LITERAL_CONVERSION = YES;
				CLANG_WARN_OBJC_ROOT_CLASS = YES_ERROR;
				CLANG_WARN_QUOTED_INCLUDE_IN_FRAMEWORK_HEADER = YES;
				CLANG_WARN_RANGE_LOOP_ANALYSIS = YES;
				CLANG_WARN_STRICT_PROTOTYPES = YES;
				CLANG_WARN_SUSPICIOUS_MOVE = YES;
				CLANG_WARN_UNGUARDED_AVAILABILITY = YES_AGGRESSIVE;
				CLANG_WARN_UNREACHABLE_CODE = YES;
				CLANG_WARN__DUPLICATE_METHOD_MATCH = YES;
				COPY_PHASE_STRIP = NO;
				DEBUG_INFORMATION_FORMAT = dwarf;
				ENABLE_STRICT_OBJC_MSGSEND = YES;
				ENABLE_TESTABILITY = YES;
				GCC_C_LANGUAGE_STANDARD = gnu11;
				GCC_DYNAMIC_NO_PIC = NO;
				GCC_NO_COMMON_BLOCKS = YES;
				GCC_OPTIMIZATION_LEVEL = 0;
				GCC_PREPROCESSOR_DEFINITIONS = (
					"DEBUG=1",
					"$(inherited)",
				);
				GCC_WARN_64_TO_32_BIT_CONVERSION = YES;
				GCC_WARN_ABOUT_RETURN_TYPE = YES_ERROR;
				GCC_WARN_UNDECLARED_SELECTOR = YES;
				GCC_WARN_UNINITIALIZED_AUTOS = YES_AGGRESSIVE;
				GCC_WARN_UNUSED_FUNCTION = YES;
				GCC_WARN_UNUSED_VARIABLE = YES;
				IPHONEOS_DEPLOYMENT_TARGET = 16.2;
				MTL_ENABLE_DEBUG_INFO = INCLUDE_SOURCE;
				MTL_FAST_MATH = YES;
				ONLY_ACTIVE_ARCH = YES;
				SDKROOT = iphoneos;
				SWIFT_ACTIVE_COMPILATION_CONDITIONS = DEBUG;
				SWIFT_OPTIMIZATION_LEVEL = "-Onone";
			};
			name = Debug;
		};
		78EBE5C129B600CE00E3B065 /* Release */ = {
			isa = XCBuildConfiguration;
			buildSettings = {
				ALWAYS_SEARCH_USER_PATHS = NO;
				CLANG_ANALYZER_NONNULL = YES;
				CLANG_ANALYZER_NUMBER_OBJECT_CONVERSION = YES_AGGRESSIVE;
				CLANG_CXX_LANGUAGE_STANDARD = "gnu++20";
				CLANG_ENABLE_MODULES = YES;
				CLANG_ENABLE_OBJC_ARC = YES;
				CLANG_ENABLE_OBJC_WEAK = YES;
				CLANG_WARN_BLOCK_CAPTURE_AUTORELEASING = YES;
				CLANG_WARN_BOOL_CONVERSION = YES;
				CLANG_WARN_COMMA = YES;
				CLANG_WARN_CONSTANT_CONVERSION = YES;
				CLANG_WARN_DEPRECATED_OBJC_IMPLEMENTATIONS = YES;
				CLANG_WARN_DIRECT_OBJC_ISA_USAGE = YES_ERROR;
				CLANG_WARN_DOCUMENTATION_COMMENTS = YES;
				CLANG_WARN_EMPTY_BODY = YES;
				CLANG_WARN_ENUM_CONVERSION = YES;
				CLANG_WARN_INFINITE_RECURSION = YES;
				CLANG_WARN_INT_CONVERSION = YES;
				CLANG_WARN_NON_LITERAL_NULL_CONVERSION = YES;
				CLANG_WARN_OBJC_IMPLICIT_RETAIN_SELF = YES;
				CLANG_WARN_OBJC_LITERAL_CONVERSION = YES;
				CLANG_WARN_OBJC_ROOT_CLASS = YES_ERROR;
				CLANG_WARN_QUOTED_INCLUDE_IN_FRAMEWORK_HEADER = YES;
				CLANG_WARN_RANGE_LOOP_ANALYSIS = YES;
				CLANG_WARN_STRICT_PROTOTYPES = YES;
				CLANG_WARN_SUSPICIOUS_MOVE = YES;
				CLANG_WARN_UNGUARDED_AVAILABILITY = YES_AGGRESSIVE;
				CLANG_WARN_UNREACHABLE_CODE = YES;
				CLANG_WARN__DUPLICATE_METHOD_MATCH = YES;
				COPY_PHASE_STRIP = NO;
				DEBUG_INFORMATION_FORMAT = "dwarf-with-dsym";
				ENABLE_NS_ASSERTIONS = NO;
				ENABLE_STRICT_OBJC_MSGSEND = YES;
				GCC_C_LANGUAGE_STANDARD = gnu11;
				GCC_NO_COMMON_BLOCKS = YES;
				GCC_WARN_64_TO_32_BIT_CONVERSION = YES;
				GCC_WARN_ABOUT_RETURN_TYPE = YES_ERROR;
				GCC_WARN_UNDECLARED_SELECTOR = YES;
				GCC_WARN_UNINITIALIZED_AUTOS = YES_AGGRESSIVE;
				GCC_WARN_UNUSED_FUNCTION = YES;
				GCC_WARN_UNUSED_VARIABLE = YES;
				IPHONEOS_DEPLOYMENT_TARGET = 16.2;
				MTL_ENABLE_DEBUG_INFO = NO;
				MTL_FAST_MATH = YES;
				SDKROOT = iphoneos;
				SWIFT_COMPILATION_MODE = wholemodule;
				SWIFT_OPTIMIZATION_LEVEL = "-O";
				VALIDATE_PRODUCT = YES;
			};
			name = Release;
		};
		78EBE5C329B600CE00E3B065 /* Debug */ = {
			isa = XCBuildConfiguration;
			baseConfigurationReference = 6190D7770358427396EAC926 /* Pods-CustomMoment.debug.xcconfig */;
			buildSettings = {
				ASSETCATALOG_COMPILER_APPICON_NAME = AppIcon;
				ASSETCATALOG_COMPILER_GLOBAL_ACCENT_COLOR_NAME = AccentColor;
				CODE_SIGN_STYLE = Automatic;
				CURRENT_PROJECT_VERSION = 1;
				DEVELOPMENT_TEAM = 3ZYNC2J93W;
				GENERATE_INFOPLIST_FILE = YES;
				INFOPLIST_FILE = CustomMoment/Info.plist;
				INFOPLIST_KEY_UIApplicationSupportsIndirectInputEvents = YES;
				INFOPLIST_KEY_UILaunchStoryboardName = LaunchScreen;
				INFOPLIST_KEY_UISupportedInterfaceOrientations_iPad = "UIInterfaceOrientationPortrait UIInterfaceOrientationPortraitUpsideDown UIInterfaceOrientationLandscapeLeft UIInterfaceOrientationLandscapeRight";
				INFOPLIST_KEY_UISupportedInterfaceOrientations_iPhone = "UIInterfaceOrientationPortrait UIInterfaceOrientationLandscapeLeft UIInterfaceOrientationLandscapeRight";
				IPHONEOS_DEPLOYMENT_TARGET = 16.0;
				LD_RUNPATH_SEARCH_PATHS = (
					"$(inherited)",
					"@executable_path/Frameworks",
				);
				MARKETING_VERSION = 1.0;
				PRODUCT_BUNDLE_IDENTIFIER = Br.Brothers.CustomMoment;
				PRODUCT_NAME = "$(TARGET_NAME)";
				SWIFT_EMIT_LOC_STRINGS = YES;
				SWIFT_VERSION = 5.0;
				TARGETED_DEVICE_FAMILY = "1,2";
			};
			name = Debug;
		};
		78EBE5C429B600CE00E3B065 /* Release */ = {
			isa = XCBuildConfiguration;
			baseConfigurationReference = C406A4962EB9F29BD51DBB52 /* Pods-CustomMoment.release.xcconfig */;
			buildSettings = {
				ASSETCATALOG_COMPILER_APPICON_NAME = AppIcon;
				ASSETCATALOG_COMPILER_GLOBAL_ACCENT_COLOR_NAME = AccentColor;
				CODE_SIGN_STYLE = Automatic;
				CURRENT_PROJECT_VERSION = 1;
				DEVELOPMENT_TEAM = 3ZYNC2J93W;
				GENERATE_INFOPLIST_FILE = YES;
				INFOPLIST_FILE = CustomMoment/Info.plist;
				INFOPLIST_KEY_UIApplicationSupportsIndirectInputEvents = YES;
				INFOPLIST_KEY_UILaunchStoryboardName = LaunchScreen;
				INFOPLIST_KEY_UISupportedInterfaceOrientations_iPad = "UIInterfaceOrientationPortrait UIInterfaceOrientationPortraitUpsideDown UIInterfaceOrientationLandscapeLeft UIInterfaceOrientationLandscapeRight";
				INFOPLIST_KEY_UISupportedInterfaceOrientations_iPhone = "UIInterfaceOrientationPortrait UIInterfaceOrientationLandscapeLeft UIInterfaceOrientationLandscapeRight";
				IPHONEOS_DEPLOYMENT_TARGET = 16.0;
				LD_RUNPATH_SEARCH_PATHS = (
					"$(inherited)",
					"@executable_path/Frameworks",
				);
				MARKETING_VERSION = 1.0;
				PRODUCT_BUNDLE_IDENTIFIER = Br.Brothers.CustomMoment;
				PRODUCT_NAME = "$(TARGET_NAME)";
				SWIFT_EMIT_LOC_STRINGS = YES;
				SWIFT_VERSION = 5.0;
				TARGETED_DEVICE_FAMILY = "1,2";
			};
			name = Release;
		};
		78EBE5C629B600CE00E3B065 /* Debug */ = {
			isa = XCBuildConfiguration;
			baseConfigurationReference = DF05E2CCE205D86F4209BB5E /* Pods-CustomMomentTests.debug.xcconfig */;
			buildSettings = {
				ALWAYS_EMBED_SWIFT_STANDARD_LIBRARIES = YES;
				BUNDLE_LOADER = "$(TEST_HOST)";
				CODE_SIGN_STYLE = Automatic;
				CURRENT_PROJECT_VERSION = 1;
				DEVELOPMENT_TEAM = 3ZYNC2J93W;
				GENERATE_INFOPLIST_FILE = YES;
				IPHONEOS_DEPLOYMENT_TARGET = 16.2;
				MARKETING_VERSION = 1.0;
				PRODUCT_BUNDLE_IDENTIFIER = Br.Brothers.CustomMomentTests;
				PRODUCT_NAME = "$(TARGET_NAME)";
				SWIFT_EMIT_LOC_STRINGS = NO;
				SWIFT_VERSION = 5.0;
				TARGETED_DEVICE_FAMILY = "1,2";
				TEST_HOST = "$(BUILT_PRODUCTS_DIR)/CustomMoment.app/$(BUNDLE_EXECUTABLE_FOLDER_PATH)/CustomMoment";
			};
			name = Debug;
		};
		78EBE5C729B600CE00E3B065 /* Release */ = {
			isa = XCBuildConfiguration;
			baseConfigurationReference = 0B83A24D41965C10EFB9ECF7 /* Pods-CustomMomentTests.release.xcconfig */;
			buildSettings = {
				ALWAYS_EMBED_SWIFT_STANDARD_LIBRARIES = YES;
				BUNDLE_LOADER = "$(TEST_HOST)";
				CODE_SIGN_STYLE = Automatic;
				CURRENT_PROJECT_VERSION = 1;
				DEVELOPMENT_TEAM = 3ZYNC2J93W;
				GENERATE_INFOPLIST_FILE = YES;
				IPHONEOS_DEPLOYMENT_TARGET = 16.2;
				MARKETING_VERSION = 1.0;
				PRODUCT_BUNDLE_IDENTIFIER = Br.Brothers.CustomMomentTests;
				PRODUCT_NAME = "$(TARGET_NAME)";
				SWIFT_EMIT_LOC_STRINGS = NO;
				SWIFT_VERSION = 5.0;
				TARGETED_DEVICE_FAMILY = "1,2";
				TEST_HOST = "$(BUILT_PRODUCTS_DIR)/CustomMoment.app/$(BUNDLE_EXECUTABLE_FOLDER_PATH)/CustomMoment";
			};
			name = Release;
		};
		78EBE5C929B600CE00E3B065 /* Debug */ = {
			isa = XCBuildConfiguration;
			baseConfigurationReference = CA5FB3CDA954EC8CD06A76B3 /* Pods-CustomMoment-CustomMomentUITests.debug.xcconfig */;
			buildSettings = {
				ALWAYS_EMBED_SWIFT_STANDARD_LIBRARIES = YES;
				CODE_SIGN_STYLE = Automatic;
				CURRENT_PROJECT_VERSION = 1;
				DEVELOPMENT_TEAM = 3ZYNC2J93W;
				GENERATE_INFOPLIST_FILE = YES;
				MARKETING_VERSION = 1.0;
				PRODUCT_BUNDLE_IDENTIFIER = Br.Brothers.CustomMomentUITests;
				PRODUCT_NAME = "$(TARGET_NAME)";
				SWIFT_EMIT_LOC_STRINGS = NO;
				SWIFT_VERSION = 5.0;
				TARGETED_DEVICE_FAMILY = "1,2";
				TEST_TARGET_NAME = CustomMoment;
			};
			name = Debug;
		};
		78EBE5CA29B600CE00E3B065 /* Release */ = {
			isa = XCBuildConfiguration;
			baseConfigurationReference = 2EF98C000751DDDC57F7D1C9 /* Pods-CustomMoment-CustomMomentUITests.release.xcconfig */;
			buildSettings = {
				ALWAYS_EMBED_SWIFT_STANDARD_LIBRARIES = YES;
				CODE_SIGN_STYLE = Automatic;
				CURRENT_PROJECT_VERSION = 1;
				DEVELOPMENT_TEAM = 3ZYNC2J93W;
				GENERATE_INFOPLIST_FILE = YES;
				MARKETING_VERSION = 1.0;
				PRODUCT_BUNDLE_IDENTIFIER = Br.Brothers.CustomMomentUITests;
				PRODUCT_NAME = "$(TARGET_NAME)";
				SWIFT_EMIT_LOC_STRINGS = NO;
				SWIFT_VERSION = 5.0;
				TARGETED_DEVICE_FAMILY = "1,2";
				TEST_TARGET_NAME = CustomMoment;
			};
			name = Release;
		};
/* End XCBuildConfiguration section */

/* Begin XCConfigurationList section */
		78EBE59329B600CB00E3B065 /* Build configuration list for PBXProject "CustomMoment" */ = {
			isa = XCConfigurationList;
			buildConfigurations = (
				78EBE5C029B600CE00E3B065 /* Debug */,
				78EBE5C129B600CE00E3B065 /* Release */,
			);
			defaultConfigurationIsVisible = 0;
			defaultConfigurationName = Release;
		};
		78EBE5C229B600CE00E3B065 /* Build configuration list for PBXNativeTarget "CustomMoment" */ = {
			isa = XCConfigurationList;
			buildConfigurations = (
				78EBE5C329B600CE00E3B065 /* Debug */,
				78EBE5C429B600CE00E3B065 /* Release */,
			);
			defaultConfigurationIsVisible = 0;
			defaultConfigurationName = Release;
		};
		78EBE5C529B600CE00E3B065 /* Build configuration list for PBXNativeTarget "CustomMomentTests" */ = {
			isa = XCConfigurationList;
			buildConfigurations = (
				78EBE5C629B600CE00E3B065 /* Debug */,
				78EBE5C729B600CE00E3B065 /* Release */,
			);
			defaultConfigurationIsVisible = 0;
			defaultConfigurationName = Release;
		};
		78EBE5C829B600CE00E3B065 /* Build configuration list for PBXNativeTarget "CustomMomentUITests" */ = {
			isa = XCConfigurationList;
			buildConfigurations = (
				78EBE5C929B600CE00E3B065 /* Debug */,
				78EBE5CA29B600CE00E3B065 /* Release */,
			);
			defaultConfigurationIsVisible = 0;
			defaultConfigurationName = Release;
		};
/* End XCConfigurationList section */
	};
	rootObject = 78EBE59029B600CB00E3B065 /* Project object */;
}
