// !$*UTF8*$!
{
	archiveVersion = 1;
	classes = {
	};
	objectVersion = 56;
	objects = {

/* Begin PBXBuildFile section */
		13D1214FC286A99C5833CFD8 /* Pods_MomentTests.framework in Frameworks */ = {isa = PBXBuildFile; fileRef = E6C3DFBAF5628FB62DCF432C /* Pods_MomentTests.framework */; };
		782ACAF829B10C8B00249673 /* SignUpViewController.swift in Sources */ = {isa = PBXBuildFile; fileRef = 782ACAF729B10C8B00249673 /* SignUpViewController.swift */; };
		784ECE7B29A1387000F05D44 /* AppDelegate.swift in Sources */ = {isa = PBXBuildFile; fileRef = 784ECE7A29A1387000F05D44 /* AppDelegate.swift */; };
		784ECE7D29A1387000F05D44 /* SceneDelegate.swift in Sources */ = {isa = PBXBuildFile; fileRef = 784ECE7C29A1387000F05D44 /* SceneDelegate.swift */; };
		784ECE8229A1387000F05D44 /* Main.storyboard in Resources */ = {isa = PBXBuildFile; fileRef = 784ECE8029A1387000F05D44 /* Main.storyboard */; };
		784ECE8429A1387300F05D44 /* Assets.xcassets in Resources */ = {isa = PBXBuildFile; fileRef = 784ECE8329A1387300F05D44 /* Assets.xcassets */; };
		784ECE8729A1387300F05D44 /* LaunchScreen.storyboard in Resources */ = {isa = PBXBuildFile; fileRef = 784ECE8529A1387300F05D44 /* LaunchScreen.storyboard */; };
		784ECE9229A1387300F05D44 /* MomentTests.swift in Sources */ = {isa = PBXBuildFile; fileRef = 784ECE9129A1387300F05D44 /* MomentTests.swift */; };
		784ECE9C29A1387300F05D44 /* MomentUITests.swift in Sources */ = {isa = PBXBuildFile; fileRef = 784ECE9B29A1387300F05D44 /* MomentUITests.swift */; };
		784ECE9E29A1387300F05D44 /* MomentUITestsLaunchTests.swift in Sources */ = {isa = PBXBuildFile; fileRef = 784ECE9D29A1387300F05D44 /* MomentUITestsLaunchTests.swift */; };
		7866C9EC29A7D19700DE688C /* MainViewController.swift in Sources */ = {isa = PBXBuildFile; fileRef = 7866C9EB29A7D19700DE688C /* MainViewController.swift */; };
		78FE72E629AC8C9B00218F5E /* LoginViewController.swift in Sources */ = {isa = PBXBuildFile; fileRef = 78FE72E529AC8C9B00218F5E /* LoginViewController.swift */; };
		8F5A871962D390546B2F7DE8 /* Pods_Moment_MomentUITests.framework in Frameworks */ = {isa = PBXBuildFile; fileRef = 5A4098B991D3B0FCAB8E925C /* Pods_Moment_MomentUITests.framework */; };
		AFC46DB4EAB7091DA186E6AE /* Pods_Moment.framework in Frameworks */ = {isa = PBXBuildFile; fileRef = 6F827DAEAEA38578DA50E2FB /* Pods_Moment.framework */; };
/* End PBXBuildFile section */

/* Begin PBXContainerItemProxy section */
		784ECE8E29A1387300F05D44 /* PBXContainerItemProxy */ = {
			isa = PBXContainerItemProxy;
			containerPortal = 784ECE6F29A1387000F05D44 /* Project object */;
			proxyType = 1;
			remoteGlobalIDString = 784ECE7629A1387000F05D44;
			remoteInfo = Moment;
		};
		784ECE9829A1387300F05D44 /* PBXContainerItemProxy */ = {
			isa = PBXContainerItemProxy;
			containerPortal = 784ECE6F29A1387000F05D44 /* Project object */;
			proxyType = 1;
			remoteGlobalIDString = 784ECE7629A1387000F05D44;
			remoteInfo = Moment;
		};
/* End PBXContainerItemProxy section */

/* Begin PBXFileReference section */
		13A4B2BD1D77C761B5AE0BF2 /* Pods-MomentTests.release.xcconfig */ = {isa = PBXFileReference; includeInIndex = 1; lastKnownFileType = text.xcconfig; name = "Pods-MomentTests.release.xcconfig"; path = "Target Support Files/Pods-MomentTests/Pods-MomentTests.release.xcconfig"; sourceTree = "<group>"; };
		3C38E459206BD207257633A2 /* Pods-MomentTests.debug.xcconfig */ = {isa = PBXFileReference; includeInIndex = 1; lastKnownFileType = text.xcconfig; name = "Pods-MomentTests.debug.xcconfig"; path = "Target Support Files/Pods-MomentTests/Pods-MomentTests.debug.xcconfig"; sourceTree = "<group>"; };
		4CEE0602C0B46C52C8220484 /* Pods-Moment-MomentUITests.release.xcconfig */ = {isa = PBXFileReference; includeInIndex = 1; lastKnownFileType = text.xcconfig; name = "Pods-Moment-MomentUITests.release.xcconfig"; path = "Target Support Files/Pods-Moment-MomentUITests/Pods-Moment-MomentUITests.release.xcconfig"; sourceTree = "<group>"; };
		5A4098B991D3B0FCAB8E925C /* Pods_Moment_MomentUITests.framework */ = {isa = PBXFileReference; explicitFileType = wrapper.framework; includeInIndex = 0; path = Pods_Moment_MomentUITests.framework; sourceTree = BUILT_PRODUCTS_DIR; };
		6735A1994565A1A14F06936E /* Pods-Moment.debug.xcconfig */ = {isa = PBXFileReference; includeInIndex = 1; lastKnownFileType = text.xcconfig; name = "Pods-Moment.debug.xcconfig"; path = "Target Support Files/Pods-Moment/Pods-Moment.debug.xcconfig"; sourceTree = "<group>"; };
		6F827DAEAEA38578DA50E2FB /* Pods_Moment.framework */ = {isa = PBXFileReference; explicitFileType = wrapper.framework; includeInIndex = 0; path = Pods_Moment.framework; sourceTree = BUILT_PRODUCTS_DIR; };
		76BD3343082A5C4574199364 /* Pods-Moment-MomentUITests.debug.xcconfig */ = {isa = PBXFileReference; includeInIndex = 1; lastKnownFileType = text.xcconfig; name = "Pods-Moment-MomentUITests.debug.xcconfig"; path = "Target Support Files/Pods-Moment-MomentUITests/Pods-Moment-MomentUITests.debug.xcconfig"; sourceTree = "<group>"; };
		782ACAF729B10C8B00249673 /* SignUpViewController.swift */ = {isa = PBXFileReference; lastKnownFileType = sourcecode.swift; path = SignUpViewController.swift; sourceTree = "<group>"; };
		784ECE7729A1387000F05D44 /* Moment.app */ = {isa = PBXFileReference; explicitFileType = wrapper.application; includeInIndex = 0; path = Moment.app; sourceTree = BUILT_PRODUCTS_DIR; };
		784ECE7A29A1387000F05D44 /* AppDelegate.swift */ = {isa = PBXFileReference; lastKnownFileType = sourcecode.swift; path = AppDelegate.swift; sourceTree = "<group>"; };
		784ECE7C29A1387000F05D44 /* SceneDelegate.swift */ = {isa = PBXFileReference; lastKnownFileType = sourcecode.swift; path = SceneDelegate.swift; sourceTree = "<group>"; };
		784ECE8129A1387000F05D44 /* Base */ = {isa = PBXFileReference; lastKnownFileType = file.storyboard; name = Base; path = Base.lproj/Main.storyboard; sourceTree = "<group>"; };
		784ECE8329A1387300F05D44 /* Assets.xcassets */ = {isa = PBXFileReference; lastKnownFileType = folder.assetcatalog; path = Assets.xcassets; sourceTree = "<group>"; };
		784ECE8629A1387300F05D44 /* Base */ = {isa = PBXFileReference; lastKnownFileType = file.storyboard; name = Base; path = Base.lproj/LaunchScreen.storyboard; sourceTree = "<group>"; };
		784ECE8829A1387300F05D44 /* Info.plist */ = {isa = PBXFileReference; lastKnownFileType = text.plist.xml; path = Info.plist; sourceTree = "<group>"; };
		784ECE8D29A1387300F05D44 /* MomentTests.xctest */ = {isa = PBXFileReference; explicitFileType = wrapper.cfbundle; includeInIndex = 0; path = MomentTests.xctest; sourceTree = BUILT_PRODUCTS_DIR; };
		784ECE9129A1387300F05D44 /* MomentTests.swift */ = {isa = PBXFileReference; lastKnownFileType = sourcecode.swift; path = MomentTests.swift; sourceTree = "<group>"; };
		784ECE9729A1387300F05D44 /* MomentUITests.xctest */ = {isa = PBXFileReference; explicitFileType = wrapper.cfbundle; includeInIndex = 0; path = MomentUITests.xctest; sourceTree = BUILT_PRODUCTS_DIR; };
		784ECE9B29A1387300F05D44 /* MomentUITests.swift */ = {isa = PBXFileReference; lastKnownFileType = sourcecode.swift; path = MomentUITests.swift; sourceTree = "<group>"; };
		784ECE9D29A1387300F05D44 /* MomentUITestsLaunchTests.swift */ = {isa = PBXFileReference; lastKnownFileType = sourcecode.swift; path = MomentUITestsLaunchTests.swift; sourceTree = "<group>"; };
		7866C9EB29A7D19700DE688C /* MainViewController.swift */ = {isa = PBXFileReference; lastKnownFileType = sourcecode.swift; path = MainViewController.swift; sourceTree = "<group>"; };
		78FE72E529AC8C9B00218F5E /* LoginViewController.swift */ = {isa = PBXFileReference; lastKnownFileType = sourcecode.swift; path = LoginViewController.swift; sourceTree = "<group>"; };
		9562F65FFA706443D0963140 /* Pods-Moment.release.xcconfig */ = {isa = PBXFileReference; includeInIndex = 1; lastKnownFileType = text.xcconfig; name = "Pods-Moment.release.xcconfig"; path = "Target Support Files/Pods-Moment/Pods-Moment.release.xcconfig"; sourceTree = "<group>"; };
		E6C3DFBAF5628FB62DCF432C /* Pods_MomentTests.framework */ = {isa = PBXFileReference; explicitFileType = wrapper.framework; includeInIndex = 0; path = Pods_MomentTests.framework; sourceTree = BUILT_PRODUCTS_DIR; };
/* End PBXFileReference section */

/* Begin PBXFrameworksBuildPhase section */
		784ECE7429A1387000F05D44 /* Frameworks */ = {
			isa = PBXFrameworksBuildPhase;
			buildActionMask = 2147483647;
			files = (
				AFC46DB4EAB7091DA186E6AE /* Pods_Moment.framework in Frameworks */,
			);
			runOnlyForDeploymentPostprocessing = 0;
		};
		784ECE8A29A1387300F05D44 /* Frameworks */ = {
			isa = PBXFrameworksBuildPhase;
			buildActionMask = 2147483647;
			files = (
				13D1214FC286A99C5833CFD8 /* Pods_MomentTests.framework in Frameworks */,
			);
			runOnlyForDeploymentPostprocessing = 0;
		};
		784ECE9429A1387300F05D44 /* Frameworks */ = {
			isa = PBXFrameworksBuildPhase;
			buildActionMask = 2147483647;
			files = (
				8F5A871962D390546B2F7DE8 /* Pods_Moment_MomentUITests.framework in Frameworks */,
			);
			runOnlyForDeploymentPostprocessing = 0;
		};
/* End PBXFrameworksBuildPhase section */

/* Begin PBXGroup section */
		7842200629AF9B400036D459 /* Login */ = {
			isa = PBXGroup;
			children = (
				78FE72E529AC8C9B00218F5E /* LoginViewController.swift */,
				782ACAF729B10C8B00249673 /* SignUpViewController.swift */,
			);
			path = Login;
			sourceTree = "<group>";
		};
		784ECE6E29A1387000F05D44 = {
			isa = PBXGroup;
			children = (
				784ECE7929A1387000F05D44 /* Moment */,
				784ECE9029A1387300F05D44 /* MomentTests */,
				784ECE9A29A1387300F05D44 /* MomentUITests */,
				784ECE7829A1387000F05D44 /* Products */,
				C72DEA97293739F15D6BC2CA /* Pods */,
				C9A2F0C92CC55477A4EADB81 /* Frameworks */,
			);
			sourceTree = "<group>";
		};
		784ECE7829A1387000F05D44 /* Products */ = {
			isa = PBXGroup;
			children = (
				784ECE7729A1387000F05D44 /* Moment.app */,
				784ECE8D29A1387300F05D44 /* MomentTests.xctest */,
				784ECE9729A1387300F05D44 /* MomentUITests.xctest */,
			);
			name = Products;
			sourceTree = "<group>";
		};
		784ECE7929A1387000F05D44 /* Moment */ = {
			isa = PBXGroup;
			children = (
				7842200629AF9B400036D459 /* Login */,
				784ECE7A29A1387000F05D44 /* AppDelegate.swift */,
				784ECE7C29A1387000F05D44 /* SceneDelegate.swift */,
				784ECE8029A1387000F05D44 /* Main.storyboard */,
				7866C9EB29A7D19700DE688C /* MainViewController.swift */,
				784ECE8329A1387300F05D44 /* Assets.xcassets */,
				784ECE8529A1387300F05D44 /* LaunchScreen.storyboard */,
				784ECE8829A1387300F05D44 /* Info.plist */,
			);
			path = Moment;
			sourceTree = "<group>";
		};
		784ECE9029A1387300F05D44 /* MomentTests */ = {
			isa = PBXGroup;
			children = (
				784ECE9129A1387300F05D44 /* MomentTests.swift */,
			);
			path = MomentTests;
			sourceTree = "<group>";
		};
		784ECE9A29A1387300F05D44 /* MomentUITests */ = {
			isa = PBXGroup;
			children = (
				784ECE9B29A1387300F05D44 /* MomentUITests.swift */,
				784ECE9D29A1387300F05D44 /* MomentUITestsLaunchTests.swift */,
			);
			path = MomentUITests;
			sourceTree = "<group>";
		};
		C72DEA97293739F15D6BC2CA /* Pods */ = {
			isa = PBXGroup;
			children = (
				6735A1994565A1A14F06936E /* Pods-Moment.debug.xcconfig */,
				9562F65FFA706443D0963140 /* Pods-Moment.release.xcconfig */,
				76BD3343082A5C4574199364 /* Pods-Moment-MomentUITests.debug.xcconfig */,
				4CEE0602C0B46C52C8220484 /* Pods-Moment-MomentUITests.release.xcconfig */,
				3C38E459206BD207257633A2 /* Pods-MomentTests.debug.xcconfig */,
				13A4B2BD1D77C761B5AE0BF2 /* Pods-MomentTests.release.xcconfig */,
			);
			path = Pods;
			sourceTree = "<group>";
		};
		C9A2F0C92CC55477A4EADB81 /* Frameworks */ = {
			isa = PBXGroup;
			children = (
				6F827DAEAEA38578DA50E2FB /* Pods_Moment.framework */,
				5A4098B991D3B0FCAB8E925C /* Pods_Moment_MomentUITests.framework */,
				E6C3DFBAF5628FB62DCF432C /* Pods_MomentTests.framework */,
			);
			name = Frameworks;
			sourceTree = "<group>";
		};
/* End PBXGroup section */

/* Begin PBXNativeTarget section */
		784ECE7629A1387000F05D44 /* Moment */ = {
			isa = PBXNativeTarget;
			buildConfigurationList = 784ECEA129A1387300F05D44 /* Build configuration list for PBXNativeTarget "Moment" */;
			buildPhases = (
				71322A54936D9FFB5C702C99 /* [CP] Check Pods Manifest.lock */,
				784ECE7329A1387000F05D44 /* Sources */,
				784ECE7429A1387000F05D44 /* Frameworks */,
				784ECE7529A1387000F05D44 /* Resources */,
				3E009806BF79314DEAA64E13 /* [CP] Embed Pods Frameworks */,
			);
			buildRules = (
			);
			dependencies = (
			);
			name = Moment;
			productName = Moment;
			productReference = 784ECE7729A1387000F05D44 /* Moment.app */;
			productType = "com.apple.product-type.application";
		};
		784ECE8C29A1387300F05D44 /* MomentTests */ = {
			isa = PBXNativeTarget;
			buildConfigurationList = 784ECEA429A1387300F05D44 /* Build configuration list for PBXNativeTarget "MomentTests" */;
			buildPhases = (
				56275B3FB6E5BD6883107974 /* [CP] Check Pods Manifest.lock */,
				784ECE8929A1387300F05D44 /* Sources */,
				784ECE8A29A1387300F05D44 /* Frameworks */,
				784ECE8B29A1387300F05D44 /* Resources */,
			);
			buildRules = (
			);
			dependencies = (
				784ECE8F29A1387300F05D44 /* PBXTargetDependency */,
			);
			name = MomentTests;
			productName = MomentTests;
			productReference = 784ECE8D29A1387300F05D44 /* MomentTests.xctest */;
			productType = "com.apple.product-type.bundle.unit-test";
		};
		784ECE9629A1387300F05D44 /* MomentUITests */ = {
			isa = PBXNativeTarget;
			buildConfigurationList = 784ECEA729A1387300F05D44 /* Build configuration list for PBXNativeTarget "MomentUITests" */;
			buildPhases = (
				F7F9F96E3FB6B668F3905CA0 /* [CP] Check Pods Manifest.lock */,
				784ECE9329A1387300F05D44 /* Sources */,
				784ECE9429A1387300F05D44 /* Frameworks */,
				784ECE9529A1387300F05D44 /* Resources */,
				C519D016B37C1518BDA6F621 /* [CP] Embed Pods Frameworks */,
			);
			buildRules = (
			);
			dependencies = (
				784ECE9929A1387300F05D44 /* PBXTargetDependency */,
			);
			name = MomentUITests;
			productName = MomentUITests;
			productReference = 784ECE9729A1387300F05D44 /* MomentUITests.xctest */;
			productType = "com.apple.product-type.bundle.ui-testing";
		};
/* End PBXNativeTarget section */

/* Begin PBXProject section */
		784ECE6F29A1387000F05D44 /* Project object */ = {
			isa = PBXProject;
			attributes = {
				BuildIndependentTargetsInParallel = 1;
				LastSwiftUpdateCheck = 1420;
				LastUpgradeCheck = 1420;
				TargetAttributes = {
					784ECE7629A1387000F05D44 = {
						CreatedOnToolsVersion = 14.2;
					};
					784ECE8C29A1387300F05D44 = {
						CreatedOnToolsVersion = 14.2;
						TestTargetID = 784ECE7629A1387000F05D44;
					};
					784ECE9629A1387300F05D44 = {
						CreatedOnToolsVersion = 14.2;
						TestTargetID = 784ECE7629A1387000F05D44;
					};
				};
			};
			buildConfigurationList = 784ECE7229A1387000F05D44 /* Build configuration list for PBXProject "Moment" */;
			compatibilityVersion = "Xcode 14.0";
			developmentRegion = en;
			hasScannedForEncodings = 0;
			knownRegions = (
				en,
				Base,
			);
			mainGroup = 784ECE6E29A1387000F05D44;
			productRefGroup = 784ECE7829A1387000F05D44 /* Products */;
			projectDirPath = "";
			projectRoot = "";
			targets = (
				784ECE7629A1387000F05D44 /* Moment */,
				784ECE8C29A1387300F05D44 /* MomentTests */,
				784ECE9629A1387300F05D44 /* MomentUITests */,
			);
		};
/* End PBXProject section */

/* Begin PBXResourcesBuildPhase section */
		784ECE7529A1387000F05D44 /* Resources */ = {
			isa = PBXResourcesBuildPhase;
			buildActionMask = 2147483647;
			files = (
				784ECE8729A1387300F05D44 /* LaunchScreen.storyboard in Resources */,
				784ECE8429A1387300F05D44 /* Assets.xcassets in Resources */,
				784ECE8229A1387000F05D44 /* Main.storyboard in Resources */,
			);
			runOnlyForDeploymentPostprocessing = 0;
		};
		784ECE8B29A1387300F05D44 /* Resources */ = {
			isa = PBXResourcesBuildPhase;
			buildActionMask = 2147483647;
			files = (
			);
			runOnlyForDeploymentPostprocessing = 0;
		};
		784ECE9529A1387300F05D44 /* Resources */ = {
			isa = PBXResourcesBuildPhase;
			buildActionMask = 2147483647;
			files = (
			);
			runOnlyForDeploymentPostprocessing = 0;
		};
/* End PBXResourcesBuildPhase section */

/* Begin PBXShellScriptBuildPhase section */
		3E009806BF79314DEAA64E13 /* [CP] Embed Pods Frameworks */ = {
			isa = PBXShellScriptBuildPhase;
			buildActionMask = 2147483647;
			files = (
			);
			inputFileListPaths = (
				"${PODS_ROOT}/Target Support Files/Pods-Moment/Pods-Moment-frameworks-${CONFIGURATION}-input-files.xcfilelist",
			);
			name = "[CP] Embed Pods Frameworks";
			outputFileListPaths = (
				"${PODS_ROOT}/Target Support Files/Pods-Moment/Pods-Moment-frameworks-${CONFIGURATION}-output-files.xcfilelist",
			);
			runOnlyForDeploymentPostprocessing = 0;
			shellPath = /bin/sh;
			shellScript = "\"${PODS_ROOT}/Target Support Files/Pods-Moment/Pods-Moment-frameworks.sh\"\n";
			showEnvVarsInLog = 0;
		};
		56275B3FB6E5BD6883107974 /* [CP] Check Pods Manifest.lock */ = {
			isa = PBXShellScriptBuildPhase;
			buildActionMask = 2147483647;
			files = (
			);
			inputFileListPaths = (
			);
			inputPaths = (
				"${PODS_PODFILE_DIR_PATH}/Podfile.lock",
				"${PODS_ROOT}/Manifest.lock",
			);
			name = "[CP] Check Pods Manifest.lock";
			outputFileListPaths = (
			);
			outputPaths = (
				"$(DERIVED_FILE_DIR)/Pods-MomentTests-checkManifestLockResult.txt",
			);
			runOnlyForDeploymentPostprocessing = 0;
			shellPath = /bin/sh;
			shellScript = "diff \"${PODS_PODFILE_DIR_PATH}/Podfile.lock\" \"${PODS_ROOT}/Manifest.lock\" > /dev/null\nif [ $? != 0 ] ; then\n    # print error to STDERR\n    echo \"error: The sandbox is not in sync with the Podfile.lock. Run 'pod install' or update your CocoaPods installation.\" >&2\n    exit 1\nfi\n# This output is used by Xcode 'outputs' to avoid re-running this script phase.\necho \"SUCCESS\" > \"${SCRIPT_OUTPUT_FILE_0}\"\n";
			showEnvVarsInLog = 0;
		};
		71322A54936D9FFB5C702C99 /* [CP] Check Pods Manifest.lock */ = {
			isa = PBXShellScriptBuildPhase;
			buildActionMask = 2147483647;
			files = (
			);
			inputFileListPaths = (
			);
			inputPaths = (
				"${PODS_PODFILE_DIR_PATH}/Podfile.lock",
				"${PODS_ROOT}/Manifest.lock",
			);
			name = "[CP] Check Pods Manifest.lock";
			outputFileListPaths = (
			);
			outputPaths = (
				"$(DERIVED_FILE_DIR)/Pods-Moment-checkManifestLockResult.txt",
			);
			runOnlyForDeploymentPostprocessing = 0;
			shellPath = /bin/sh;
			shellScript = "diff \"${PODS_PODFILE_DIR_PATH}/Podfile.lock\" \"${PODS_ROOT}/Manifest.lock\" > /dev/null\nif [ $? != 0 ] ; then\n    # print error to STDERR\n    echo \"error: The sandbox is not in sync with the Podfile.lock. Run 'pod install' or update your CocoaPods installation.\" >&2\n    exit 1\nfi\n# This output is used by Xcode 'outputs' to avoid re-running this script phase.\necho \"SUCCESS\" > \"${SCRIPT_OUTPUT_FILE_0}\"\n";
			showEnvVarsInLog = 0;
		};
		C519D016B37C1518BDA6F621 /* [CP] Embed Pods Frameworks */ = {
			isa = PBXShellScriptBuildPhase;
			buildActionMask = 2147483647;
			files = (
			);
			inputFileListPaths = (
				"${PODS_ROOT}/Target Support Files/Pods-Moment-MomentUITests/Pods-Moment-MomentUITests-frameworks-${CONFIGURATION}-input-files.xcfilelist",
			);
			name = "[CP] Embed Pods Frameworks";
			outputFileListPaths = (
				"${PODS_ROOT}/Target Support Files/Pods-Moment-MomentUITests/Pods-Moment-MomentUITests-frameworks-${CONFIGURATION}-output-files.xcfilelist",
			);
			runOnlyForDeploymentPostprocessing = 0;
			shellPath = /bin/sh;
			shellScript = "\"${PODS_ROOT}/Target Support Files/Pods-Moment-MomentUITests/Pods-Moment-MomentUITests-frameworks.sh\"\n";
			showEnvVarsInLog = 0;
		};
		F7F9F96E3FB6B668F3905CA0 /* [CP] Check Pods Manifest.lock */ = {
			isa = PBXShellScriptBuildPhase;
			buildActionMask = 2147483647;
			files = (
			);
			inputFileListPaths = (
			);
			inputPaths = (
				"${PODS_PODFILE_DIR_PATH}/Podfile.lock",
				"${PODS_ROOT}/Manifest.lock",
			);
			name = "[CP] Check Pods Manifest.lock";
			outputFileListPaths = (
			);
			outputPaths = (
				"$(DERIVED_FILE_DIR)/Pods-Moment-MomentUITests-checkManifestLockResult.txt",
			);
			runOnlyForDeploymentPostprocessing = 0;
			shellPath = /bin/sh;
			shellScript = "diff \"${PODS_PODFILE_DIR_PATH}/Podfile.lock\" \"${PODS_ROOT}/Manifest.lock\" > /dev/null\nif [ $? != 0 ] ; then\n    # print error to STDERR\n    echo \"error: The sandbox is not in sync with the Podfile.lock. Run 'pod install' or update your CocoaPods installation.\" >&2\n    exit 1\nfi\n# This output is used by Xcode 'outputs' to avoid re-running this script phase.\necho \"SUCCESS\" > \"${SCRIPT_OUTPUT_FILE_0}\"\n";
			showEnvVarsInLog = 0;
		};
/* End PBXShellScriptBuildPhase section */

/* Begin PBXSourcesBuildPhase section */
		784ECE7329A1387000F05D44 /* Sources */ = {
			isa = PBXSourcesBuildPhase;
			buildActionMask = 2147483647;
			files = (
				78FE72E629AC8C9B00218F5E /* LoginViewController.swift in Sources */,
				7866C9EC29A7D19700DE688C /* MainViewController.swift in Sources */,
				784ECE7B29A1387000F05D44 /* AppDelegate.swift in Sources */,
				784ECE7D29A1387000F05D44 /* SceneDelegate.swift in Sources */,
				782ACAF829B10C8B00249673 /* SignUpViewController.swift in Sources */,
			);
			runOnlyForDeploymentPostprocessing = 0;
		};
		784ECE8929A1387300F05D44 /* Sources */ = {
			isa = PBXSourcesBuildPhase;
			buildActionMask = 2147483647;
			files = (
				784ECE9229A1387300F05D44 /* MomentTests.swift in Sources */,
			);
			runOnlyForDeploymentPostprocessing = 0;
		};
		784ECE9329A1387300F05D44 /* Sources */ = {
			isa = PBXSourcesBuildPhase;
			buildActionMask = 2147483647;
			files = (
				784ECE9E29A1387300F05D44 /* MomentUITestsLaunchTests.swift in Sources */,
				784ECE9C29A1387300F05D44 /* MomentUITests.swift in Sources */,
			);
			runOnlyForDeploymentPostprocessing = 0;
		};
/* End PBXSourcesBuildPhase section */

/* Begin PBXTargetDependency section */
		784ECE8F29A1387300F05D44 /* PBXTargetDependency */ = {
			isa = PBXTargetDependency;
			target = 784ECE7629A1387000F05D44 /* Moment */;
			targetProxy = 784ECE8E29A1387300F05D44 /* PBXContainerItemProxy */;
		};
		784ECE9929A1387300F05D44 /* PBXTargetDependency */ = {
			isa = PBXTargetDependency;
			target = 784ECE7629A1387000F05D44 /* Moment */;
			targetProxy = 784ECE9829A1387300F05D44 /* PBXContainerItemProxy */;
		};
/* End PBXTargetDependency section */

/* Begin PBXVariantGroup section */
		784ECE8029A1387000F05D44 /* Main.storyboard */ = {
			isa = PBXVariantGroup;
			children = (
				784ECE8129A1387000F05D44 /* Base */,
			);
			name = Main.storyboard;
			sourceTree = "<group>";
		};
		784ECE8529A1387300F05D44 /* LaunchScreen.storyboard */ = {
			isa = PBXVariantGroup;
			children = (
				784ECE8629A1387300F05D44 /* Base */,
			);
			name = LaunchScreen.storyboard;
			sourceTree = "<group>";
		};
/* End PBXVariantGroup section */

/* Begin XCBuildConfiguration section */
		784ECE9F29A1387300F05D44 /* Debug */ = {
			isa = XCBuildConfiguration;
			buildSettings = {
				ALWAYS_SEARCH_USER_PATHS = NO;
				CLANG_ANALYZER_NONNULL = YES;
				CLANG_ANALYZER_NUMBER_OBJECT_CONVERSION = YES_AGGRESSIVE;
				CLANG_CXX_LANGUAGE_STANDARD = "gnu++20";
				CLANG_ENABLE_MODULES = YES;
				CLANG_ENABLE_OBJC_ARC = YES;
				CLANG_ENABLE_OBJC_WEAK = YES;
				CLANG_WARN_BLOCK_CAPTURE_AUTORELEASING = YES;
				CLANG_WARN_BOOL_CONVERSION = YES;
				CLANG_WARN_COMMA = YES;
				CLANG_WARN_CONSTANT_CONVERSION = YES;
				CLANG_WARN_DEPRECATED_OBJC_IMPLEMENTATIONS = YES;
				CLANG_WARN_DIRECT_OBJC_ISA_USAGE = YES_ERROR;
				CLANG_WARN_DOCUMENTATION_COMMENTS = YES;
				CLANG_WARN_EMPTY_BODY = YES;
				CLANG_WARN_ENUM_CONVERSION = YES;
				CLANG_WARN_INFINITE_RECURSION = YES;
				CLANG_WARN_INT_CONVERSION = YES;
				CLANG_WARN_NON_LITERAL_NULL_CONVERSION = YES;
				CLANG_WARN_OBJC_IMPLICIT_RETAIN_SELF = YES;
				CLANG_WARN_OBJC_LITERAL_CONVERSION = YES;
				CLANG_WARN_OBJC_ROOT_CLASS = YES_ERROR;
				CLANG_WARN_QUOTED_INCLUDE_IN_FRAMEWORK_HEADER = YES;
				CLANG_WARN_RANGE_LOOP_ANALYSIS = YES;
				CLANG_WARN_STRICT_PROTOTYPES = YES;
				CLANG_WARN_SUSPICIOUS_MOVE = YES;
				CLANG_WARN_UNGUARDED_AVAILABILITY = YES_AGGRESSIVE;
				CLANG_WARN_UNREACHABLE_CODE = YES;
				CLANG_WARN__DUPLICATE_METHOD_MATCH = YES;
				COPY_PHASE_STRIP = NO;
				DEBUG_INFORMATION_FORMAT = dwarf;
				ENABLE_STRICT_OBJC_MSGSEND = YES;
				ENABLE_TESTABILITY = YES;
				GCC_C_LANGUAGE_STANDARD = gnu11;
				GCC_DYNAMIC_NO_PIC = NO;
				GCC_NO_COMMON_BLOCKS = YES;
				GCC_OPTIMIZATION_LEVEL = 0;
				GCC_PREPROCESSOR_DEFINITIONS = (
					"DEBUG=1",
					"$(inherited)",
				);
				GCC_WARN_64_TO_32_BIT_CONVERSION = YES;
				GCC_WARN_ABOUT_RETURN_TYPE = YES_ERROR;
				GCC_WARN_UNDECLARED_SELECTOR = YES;
				GCC_WARN_UNINITIALIZED_AUTOS = YES_AGGRESSIVE;
				GCC_WARN_UNUSED_FUNCTION = YES;
				GCC_WARN_UNUSED_VARIABLE = YES;
				IPHONEOS_DEPLOYMENT_TARGET = 16.2;
				MTL_ENABLE_DEBUG_INFO = INCLUDE_SOURCE;
				MTL_FAST_MATH = YES;
				ONLY_ACTIVE_ARCH = YES;
				SDKROOT = iphoneos;
				SWIFT_ACTIVE_COMPILATION_CONDITIONS = DEBUG;
				SWIFT_OPTIMIZATION_LEVEL = "-Onone";
			};
			name = Debug;
		};
		784ECEA029A1387300F05D44 /* Release */ = {
			isa = XCBuildConfiguration;
			buildSettings = {
				ALWAYS_SEARCH_USER_PATHS = NO;
				CLANG_ANALYZER_NONNULL = YES;
				CLANG_ANALYZER_NUMBER_OBJECT_CONVERSION = YES_AGGRESSIVE;
				CLANG_CXX_LANGUAGE_STANDARD = "gnu++20";
				CLANG_ENABLE_MODULES = YES;
				CLANG_ENABLE_OBJC_ARC = YES;
				CLANG_ENABLE_OBJC_WEAK = YES;
				CLANG_WARN_BLOCK_CAPTURE_AUTORELEASING = YES;
				CLANG_WARN_BOOL_CONVERSION = YES;
				CLANG_WARN_COMMA = YES;
				CLANG_WARN_CONSTANT_CONVERSION = YES;
				CLANG_WARN_DEPRECATED_OBJC_IMPLEMENTATIONS = YES;
				CLANG_WARN_DIRECT_OBJC_ISA_USAGE = YES_ERROR;
				CLANG_WARN_DOCUMENTATION_COMMENTS = YES;
				CLANG_WARN_EMPTY_BODY = YES;
				CLANG_WARN_ENUM_CONVERSION = YES;
				CLANG_WARN_INFINITE_RECURSION = YES;
				CLANG_WARN_INT_CONVERSION = YES;
				CLANG_WARN_NON_LITERAL_NULL_CONVERSION = YES;
				CLANG_WARN_OBJC_IMPLICIT_RETAIN_SELF = YES;
				CLANG_WARN_OBJC_LITERAL_CONVERSION = YES;
				CLANG_WARN_OBJC_ROOT_CLASS = YES_ERROR;
				CLANG_WARN_QUOTED_INCLUDE_IN_FRAMEWORK_HEADER = YES;
				CLANG_WARN_RANGE_LOOP_ANALYSIS = YES;
				CLANG_WARN_STRICT_PROTOTYPES = YES;
				CLANG_WARN_SUSPICIOUS_MOVE = YES;
				CLANG_WARN_UNGUARDED_AVAILABILITY = YES_AGGRESSIVE;
				CLANG_WARN_UNREACHABLE_CODE = YES;
				CLANG_WARN__DUPLICATE_METHOD_MATCH = YES;
				COPY_PHASE_STRIP = NO;
				DEBUG_INFORMATION_FORMAT = "dwarf-with-dsym";
				ENABLE_NS_ASSERTIONS = NO;
				ENABLE_STRICT_OBJC_MSGSEND = YES;
				GCC_C_LANGUAGE_STANDARD = gnu11;
				GCC_NO_COMMON_BLOCKS = YES;
				GCC_WARN_64_TO_32_BIT_CONVERSION = YES;
				GCC_WARN_ABOUT_RETURN_TYPE = YES_ERROR;
				GCC_WARN_UNDECLARED_SELECTOR = YES;
				GCC_WARN_UNINITIALIZED_AUTOS = YES_AGGRESSIVE;
				GCC_WARN_UNUSED_FUNCTION = YES;
				GCC_WARN_UNUSED_VARIABLE = YES;
				IPHONEOS_DEPLOYMENT_TARGET = 16.2;
				MTL_ENABLE_DEBUG_INFO = NO;
				MTL_FAST_MATH = YES;
				SDKROOT = iphoneos;
				SWIFT_COMPILATION_MODE = wholemodule;
				SWIFT_OPTIMIZATION_LEVEL = "-O";
				VALIDATE_PRODUCT = YES;
			};
			name = Release;
		};
		784ECEA229A1387300F05D44 /* Debug */ = {
			isa = XCBuildConfiguration;
			baseConfigurationReference = 6735A1994565A1A14F06936E /* Pods-Moment.debug.xcconfig */;
			buildSettings = {
				ASSETCATALOG_COMPILER_APPICON_NAME = AppIcon;
				ASSETCATALOG_COMPILER_GLOBAL_ACCENT_COLOR_NAME = AccentColor;
				CODE_SIGN_STYLE = Automatic;
				CURRENT_PROJECT_VERSION = 1;
				DEVELOPMENT_TEAM = 3ZYNC2J93W;
				GENERATE_INFOPLIST_FILE = YES;
				INFOPLIST_FILE = Moment/Info.plist;
				INFOPLIST_KEY_UIApplicationSupportsIndirectInputEvents = YES;
				INFOPLIST_KEY_UILaunchStoryboardName = LaunchScreen;
				INFOPLIST_KEY_UIMainStoryboardFile = Main;
				INFOPLIST_KEY_UISupportedInterfaceOrientations_iPad = "UIInterfaceOrientationPortrait UIInterfaceOrientationPortraitUpsideDown UIInterfaceOrientationLandscapeLeft UIInterfaceOrientationLandscapeRight";
				INFOPLIST_KEY_UISupportedInterfaceOrientations_iPhone = "UIInterfaceOrientationPortrait UIInterfaceOrientationLandscapeLeft UIInterfaceOrientationLandscapeRight";
				IPHONEOS_DEPLOYMENT_TARGET = 16.1;
				LD_RUNPATH_SEARCH_PATHS = (
					"$(inherited)",
					"@executable_path/Frameworks",
				);
				MARKETING_VERSION = 1.0;
				PRODUCT_BUNDLE_IDENTIFIER = Br.Brothers.Moment;
				PRODUCT_NAME = "$(TARGET_NAME)";
				SWIFT_EMIT_LOC_STRINGS = YES;
				SWIFT_VERSION = 5.0;
				TARGETED_DEVICE_FAMILY = "1,2";
			};
			name = Debug;
		};
		784ECEA329A1387300F05D44 /* Release */ = {
			isa = XCBuildConfiguration;
			baseConfigurationReference = 9562F65FFA706443D0963140 /* Pods-Moment.release.xcconfig */;
			buildSettings = {
				ASSETCATALOG_COMPILER_APPICON_NAME = AppIcon;
				ASSETCATALOG_COMPILER_GLOBAL_ACCENT_COLOR_NAME = AccentColor;
				CODE_SIGN_STYLE = Automatic;
				CURRENT_PROJECT_VERSION = 1;
				DEVELOPMENT_TEAM = 3ZYNC2J93W;
				GENERATE_INFOPLIST_FILE = YES;
				INFOPLIST_FILE = Moment/Info.plist;
				INFOPLIST_KEY_UIApplicationSupportsIndirectInputEvents = YES;
				INFOPLIST_KEY_UILaunchStoryboardName = LaunchScreen;
				INFOPLIST_KEY_UIMainStoryboardFile = Main;
				INFOPLIST_KEY_UISupportedInterfaceOrientations_iPad = "UIInterfaceOrientationPortrait UIInterfaceOrientationPortraitUpsideDown UIInterfaceOrientationLandscapeLeft UIInterfaceOrientationLandscapeRight";
				INFOPLIST_KEY_UISupportedInterfaceOrientations_iPhone = "UIInterfaceOrientationPortrait UIInterfaceOrientationLandscapeLeft UIInterfaceOrientationLandscapeRight";
				IPHONEOS_DEPLOYMENT_TARGET = 16.1;
				LD_RUNPATH_SEARCH_PATHS = (
					"$(inherited)",
					"@executable_path/Frameworks",
				);
				MARKETING_VERSION = 1.0;
				PRODUCT_BUNDLE_IDENTIFIER = Br.Brothers.Moment;
				PRODUCT_NAME = "$(TARGET_NAME)";
				SWIFT_EMIT_LOC_STRINGS = YES;
				SWIFT_VERSION = 5.0;
				TARGETED_DEVICE_FAMILY = "1,2";
			};
			name = Release;
		};
		784ECEA529A1387300F05D44 /* Debug */ = {
			isa = XCBuildConfiguration;
			baseConfigurationReference = 3C38E459206BD207257633A2 /* Pods-MomentTests.debug.xcconfig */;
			buildSettings = {
				ALWAYS_EMBED_SWIFT_STANDARD_LIBRARIES = YES;
				BUNDLE_LOADER = "$(TEST_HOST)";
				CODE_SIGN_STYLE = Automatic;
				CURRENT_PROJECT_VERSION = 1;
				DEVELOPMENT_TEAM = 3ZYNC2J93W;
				GENERATE_INFOPLIST_FILE = YES;
				IPHONEOS_DEPLOYMENT_TARGET = 16.2;
				MARKETING_VERSION = 1.0;
				PRODUCT_BUNDLE_IDENTIFIER = Br.Brothers.MomentTests;
				PRODUCT_NAME = "$(TARGET_NAME)";
				SWIFT_EMIT_LOC_STRINGS = NO;
				SWIFT_VERSION = 5.0;
				TARGETED_DEVICE_FAMILY = "1,2";
				TEST_HOST = "$(BUILT_PRODUCTS_DIR)/Moment.app/$(BUNDLE_EXECUTABLE_FOLDER_PATH)/Moment";
			};
			name = Debug;
		};
		784ECEA629A1387300F05D44 /* Release */ = {
			isa = XCBuildConfiguration;
			baseConfigurationReference = 13A4B2BD1D77C761B5AE0BF2 /* Pods-MomentTests.release.xcconfig */;
			buildSettings = {
				ALWAYS_EMBED_SWIFT_STANDARD_LIBRARIES = YES;
				BUNDLE_LOADER = "$(TEST_HOST)";
				CODE_SIGN_STYLE = Automatic;
				CURRENT_PROJECT_VERSION = 1;
				DEVELOPMENT_TEAM = 3ZYNC2J93W;
				GENERATE_INFOPLIST_FILE = YES;
				IPHONEOS_DEPLOYMENT_TARGET = 16.2;
				MARKETING_VERSION = 1.0;
				PRODUCT_BUNDLE_IDENTIFIER = Br.Brothers.MomentTests;
				PRODUCT_NAME = "$(TARGET_NAME)";
				SWIFT_EMIT_LOC_STRINGS = NO;
				SWIFT_VERSION = 5.0;
				TARGETED_DEVICE_FAMILY = "1,2";
				TEST_HOST = "$(BUILT_PRODUCTS_DIR)/Moment.app/$(BUNDLE_EXECUTABLE_FOLDER_PATH)/Moment";
			};
			name = Release;
		};
		784ECEA829A1387300F05D44 /* Debug */ = {
			isa = XCBuildConfiguration;
			baseConfigurationReference = 76BD3343082A5C4574199364 /* Pods-Moment-MomentUITests.debug.xcconfig */;
			buildSettings = {
				ALWAYS_EMBED_SWIFT_STANDARD_LIBRARIES = YES;
				CODE_SIGN_STYLE = Automatic;
				CURRENT_PROJECT_VERSION = 1;
				DEVELOPMENT_TEAM = 3ZYNC2J93W;
				GENERATE_INFOPLIST_FILE = YES;
				MARKETING_VERSION = 1.0;
				PRODUCT_BUNDLE_IDENTIFIER = Br.Brothers.MomentUITests;
				PRODUCT_NAME = "$(TARGET_NAME)";
				SWIFT_EMIT_LOC_STRINGS = NO;
				SWIFT_VERSION = 5.0;
				TARGETED_DEVICE_FAMILY = "1,2";
				TEST_TARGET_NAME = Moment;
			};
			name = Debug;
		};
		784ECEA929A1387300F05D44 /* Release */ = {
			isa = XCBuildConfiguration;
			baseConfigurationReference = 4CEE0602C0B46C52C8220484 /* Pods-Moment-MomentUITests.release.xcconfig */;
			buildSettings = {
				ALWAYS_EMBED_SWIFT_STANDARD_LIBRARIES = YES;
				CODE_SIGN_STYLE = Automatic;
				CURRENT_PROJECT_VERSION = 1;
				DEVELOPMENT_TEAM = 3ZYNC2J93W;
				GENERATE_INFOPLIST_FILE = YES;
				MARKETING_VERSION = 1.0;
				PRODUCT_BUNDLE_IDENTIFIER = Br.Brothers.MomentUITests;
				PRODUCT_NAME = "$(TARGET_NAME)";
				SWIFT_EMIT_LOC_STRINGS = NO;
				SWIFT_VERSION = 5.0;
				TARGETED_DEVICE_FAMILY = "1,2";
				TEST_TARGET_NAME = Moment;
			};
			name = Release;
		};
/* End XCBuildConfiguration section */

/* Begin XCConfigurationList section */
		784ECE7229A1387000F05D44 /* Build configuration list for PBXProject "Moment" */ = {
			isa = XCConfigurationList;
			buildConfigurations = (
				784ECE9F29A1387300F05D44 /* Debug */,
				784ECEA029A1387300F05D44 /* Release */,
			);
			defaultConfigurationIsVisible = 0;
			defaultConfigurationName = Release;
		};
		784ECEA129A1387300F05D44 /* Build configuration list for PBXNativeTarget "Moment" */ = {
			isa = XCConfigurationList;
			buildConfigurations = (
				784ECEA229A1387300F05D44 /* Debug */,
				784ECEA329A1387300F05D44 /* Release */,
			);
			defaultConfigurationIsVisible = 0;
			defaultConfigurationName = Release;
		};
		784ECEA429A1387300F05D44 /* Build configuration list for PBXNativeTarget "MomentTests" */ = {
			isa = XCConfigurationList;
			buildConfigurations = (
				784ECEA529A1387300F05D44 /* Debug */,
				784ECEA629A1387300F05D44 /* Release */,
			);
			defaultConfigurationIsVisible = 0;
			defaultConfigurationName = Release;
		};
		784ECEA729A1387300F05D44 /* Build configuration list for PBXNativeTarget "MomentUITests" */ = {
			isa = XCConfigurationList;
			buildConfigurations = (
				784ECEA829A1387300F05D44 /* Debug */,
				784ECEA929A1387300F05D44 /* Release */,
			);
			defaultConfigurationIsVisible = 0;
			defaultConfigurationName = Release;
		};
/* End XCConfigurationList section */
	};
	rootObject = 784ECE6F29A1387000F05D44 /* Project object */;
}
